// !$*UTF8*$!
{
	archiveVersion = 1;
	classes = {
	};
	objectVersion = 46;
	objects = {

/* Begin PBXAggregateTarget section */
		AB77272F1C7732240046A771 /* RMMap */ = {
			isa = PBXAggregateTarget;
			buildConfigurationList = AB7727301C7732240046A771 /* Build configuration list for PBXAggregateTarget "RMMap" */;
			buildPhases = (
				AB7727351C77322E0046A771 /* ShellScript */,
			);
			dependencies = (
				AB7727341C77322B0046A771 /* PBXTargetDependency */,
			);
			name = RMMap;
			productName = RMMap;
		};
/* End PBXAggregateTarget section */

/* Begin PBXBuildFile section */
		17F02BB11319BA4B00260C6B /* RouteMe.h in Headers */ = {isa = PBXBuildFile; fileRef = 17F02BB01319BA4B00260C6B /* RouteMe.h */; settings = {ATTRIBUTES = (Public, ); }; };
		96492C400FA8AD3400EBA6D2 /* RMGlobalConstants.h in Headers */ = {isa = PBXBuildFile; fileRef = 96492C3F0FA8AD3400EBA6D2 /* RMGlobalConstants.h */; settings = {ATTRIBUTES = (Public, ); }; };
		AB7727B21C774D850046A771 /* RMAnnotation.h in Headers */ = {isa = PBXBuildFile; fileRef = AB7727A61C774D850046A771 /* RMAnnotation.h */; settings = {ATTRIBUTES = (Public, ); }; };
		AB7727B31C774D850046A771 /* RMAnnotation.m in Sources */ = {isa = PBXBuildFile; fileRef = AB7727A71C774D850046A771 /* RMAnnotation.m */; };
		AB7727B41C774D850046A771 /* RMCircle.h in Headers */ = {isa = PBXBuildFile; fileRef = AB7727A81C774D850046A771 /* RMCircle.h */; settings = {ATTRIBUTES = (Public, ); }; };
		AB7727B51C774D850046A771 /* RMCircle.m in Sources */ = {isa = PBXBuildFile; fileRef = AB7727A91C774D850046A771 /* RMCircle.m */; };
		AB7727B61C774D850046A771 /* RMMapLayer.h in Headers */ = {isa = PBXBuildFile; fileRef = AB7727AA1C774D850046A771 /* RMMapLayer.h */; settings = {ATTRIBUTES = (Public, ); }; };
		AB7727B71C774D850046A771 /* RMMapLayer.m in Sources */ = {isa = PBXBuildFile; fileRef = AB7727AB1C774D850046A771 /* RMMapLayer.m */; };
		AB7727B81C774D850046A771 /* RMMarker.h in Headers */ = {isa = PBXBuildFile; fileRef = AB7727AC1C774D850046A771 /* RMMarker.h */; settings = {ATTRIBUTES = (Public, ); }; };
		AB7727B91C774D850046A771 /* RMMarker.m in Sources */ = {isa = PBXBuildFile; fileRef = AB7727AD1C774D850046A771 /* RMMarker.m */; };
		AB7727BA1C774D850046A771 /* RMQuadTree.h in Headers */ = {isa = PBXBuildFile; fileRef = AB7727AE1C774D850046A771 /* RMQuadTree.h */; settings = {ATTRIBUTES = (Public, ); }; };
		AB7727BB1C774D850046A771 /* RMQuadTree.m in Sources */ = {isa = PBXBuildFile; fileRef = AB7727AF1C774D850046A771 /* RMQuadTree.m */; };
		AB7727BC1C774D850046A771 /* RMShape.h in Headers */ = {isa = PBXBuildFile; fileRef = AB7727B01C774D850046A771 /* RMShape.h */; settings = {ATTRIBUTES = (Public, ); }; };
		AB7727BD1C774D850046A771 /* RMShape.m in Sources */ = {isa = PBXBuildFile; fileRef = AB7727B11C774D850046A771 /* RMShape.m */; };
		AB7727C21C774DBF0046A771 /* RMUserLocation.h in Headers */ = {isa = PBXBuildFile; fileRef = AB7727BE1C774DBF0046A771 /* RMUserLocation.h */; settings = {ATTRIBUTES = (Public, ); }; };
		AB7727C31C774DBF0046A771 /* RMUserLocation.m in Sources */ = {isa = PBXBuildFile; fileRef = AB7727BF1C774DBF0046A771 /* RMUserLocation.m */; };
		AB7727C41C774DBF0046A771 /* RMUserTrackingBarButtonItem.h in Headers */ = {isa = PBXBuildFile; fileRef = AB7727C01C774DBF0046A771 /* RMUserTrackingBarButtonItem.h */; settings = {ATTRIBUTES = (Public, ); }; };
		AB7727C51C774DBF0046A771 /* RMUserTrackingBarButtonItem.m in Sources */ = {isa = PBXBuildFile; fileRef = AB7727C11C774DBF0046A771 /* RMUserTrackingBarButtonItem.m */; };
		AB7727C81C774DD60046A771 /* RMConfiguration.h in Headers */ = {isa = PBXBuildFile; fileRef = AB7727C61C774DD60046A771 /* RMConfiguration.h */; settings = {ATTRIBUTES = (Public, ); }; };
		AB7727C91C774DD60046A771 /* RMConfiguration.m in Sources */ = {isa = PBXBuildFile; fileRef = AB7727C71C774DD60046A771 /* RMConfiguration.m */; };
		AB7727D11C774E040046A771 /* RMFoundation.c in Sources */ = {isa = PBXBuildFile; fileRef = AB7727CA1C774E040046A771 /* RMFoundation.c */; };
		AB7727D21C774E040046A771 /* RMFoundation.h in Headers */ = {isa = PBXBuildFile; fileRef = AB7727CB1C774E040046A771 /* RMFoundation.h */; settings = {ATTRIBUTES = (Public, ); }; };
		AB7727D41C774E040046A771 /* RMPixel.c in Sources */ = {isa = PBXBuildFile; fileRef = AB7727CD1C774E040046A771 /* RMPixel.c */; };
		AB7727D51C774E040046A771 /* RMPixel.h in Headers */ = {isa = PBXBuildFile; fileRef = AB7727CE1C774E040046A771 /* RMPixel.h */; settings = {ATTRIBUTES = (Public, ); }; };
		AB7727D61C774E040046A771 /* RMTile.c in Sources */ = {isa = PBXBuildFile; fileRef = AB7727CF1C774E040046A771 /* RMTile.c */; };
		AB7727D71C774E040046A771 /* RMTile.h in Headers */ = {isa = PBXBuildFile; fileRef = AB7727D01C774E040046A771 /* RMTile.h */; settings = {ATTRIBUTES = (Public, ); }; };
		AB7727DC1C774E140046A771 /* RMFractalTileProjection.h in Headers */ = {isa = PBXBuildFile; fileRef = AB7727D81C774E140046A771 /* RMFractalTileProjection.h */; settings = {ATTRIBUTES = (Public, ); }; };
		AB7727DD1C774E140046A771 /* RMFractalTileProjection.m in Sources */ = {isa = PBXBuildFile; fileRef = AB7727D91C774E140046A771 /* RMFractalTileProjection.m */; };
		AB7727DE1C774E140046A771 /* RMProjection.h in Headers */ = {isa = PBXBuildFile; fileRef = AB7727DA1C774E140046A771 /* RMProjection.h */; settings = {ATTRIBUTES = (Public, ); }; };
		AB7727DF1C774E140046A771 /* RMProjection.m in Sources */ = {isa = PBXBuildFile; fileRef = AB7727DB1C774E140046A771 /* RMProjection.m */; };
		AB7727EA1C774E240046A771 /* RMLoadingTileView.h in Headers */ = {isa = PBXBuildFile; fileRef = AB7727E01C774E240046A771 /* RMLoadingTileView.h */; settings = {ATTRIBUTES = (Public, ); }; };
		AB7727EB1C774E240046A771 /* RMLoadingTileView.m in Sources */ = {isa = PBXBuildFile; fileRef = AB7727E11C774E240046A771 /* RMLoadingTileView.m */; };
		AB7727EC1C774E240046A771 /* RMMapOverlayView.h in Headers */ = {isa = PBXBuildFile; fileRef = AB7727E21C774E240046A771 /* RMMapOverlayView.h */; settings = {ATTRIBUTES = (Public, ); }; };
		AB7727ED1C774E240046A771 /* RMMapOverlayView.m in Sources */ = {isa = PBXBuildFile; fileRef = AB7727E31C774E240046A771 /* RMMapOverlayView.m */; };
		AB7727EE1C774E240046A771 /* RMMapScrollView.h in Headers */ = {isa = PBXBuildFile; fileRef = AB7727E41C774E240046A771 /* RMMapScrollView.h */; settings = {ATTRIBUTES = (Public, ); }; };
		AB7727EF1C774E240046A771 /* RMMapScrollView.m in Sources */ = {isa = PBXBuildFile; fileRef = AB7727E51C774E240046A771 /* RMMapScrollView.m */; };
		AB7727F01C774E240046A771 /* RMMapTiledLayerView.h in Headers */ = {isa = PBXBuildFile; fileRef = AB7727E61C774E240046A771 /* RMMapTiledLayerView.h */; settings = {ATTRIBUTES = (Public, ); }; };
		AB7727F11C774E240046A771 /* RMMapTiledLayerView.m in Sources */ = {isa = PBXBuildFile; fileRef = AB7727E71C774E240046A771 /* RMMapTiledLayerView.m */; };
		AB7727F21C774E240046A771 /* RMTileImage.h in Headers */ = {isa = PBXBuildFile; fileRef = AB7727E81C774E240046A771 /* RMTileImage.h */; settings = {ATTRIBUTES = (Public, ); }; };
		AB7727F31C774E240046A771 /* RMTileImage.m in Sources */ = {isa = PBXBuildFile; fileRef = AB7727E91C774E240046A771 /* RMTileImage.m */; };
		AB7727FE1C774EA00046A771 /* RMCacheObject.h in Headers */ = {isa = PBXBuildFile; fileRef = AB7727F41C774EA00046A771 /* RMCacheObject.h */; settings = {ATTRIBUTES = (Public, ); }; };
		AB7727FF1C774EA00046A771 /* RMCacheObject.m in Sources */ = {isa = PBXBuildFile; fileRef = AB7727F51C774EA00046A771 /* RMCacheObject.m */; };
		AB7728001C774EA00046A771 /* RMDatabaseCache.h in Headers */ = {isa = PBXBuildFile; fileRef = AB7727F61C774EA00046A771 /* RMDatabaseCache.h */; settings = {ATTRIBUTES = (Public, ); }; };
		AB7728011C774EA00046A771 /* RMDatabaseCache.m in Sources */ = {isa = PBXBuildFile; fileRef = AB7727F71C774EA00046A771 /* RMDatabaseCache.m */; };
		AB7728021C774EA00046A771 /* RMMemoryCache.h in Headers */ = {isa = PBXBuildFile; fileRef = AB7727F81C774EA00046A771 /* RMMemoryCache.h */; settings = {ATTRIBUTES = (Public, ); }; };
		AB7728031C774EA00046A771 /* RMMemoryCache.m in Sources */ = {isa = PBXBuildFile; fileRef = AB7727F91C774EA00046A771 /* RMMemoryCache.m */; };
		AB7728041C774EA00046A771 /* RMTileCache.h in Headers */ = {isa = PBXBuildFile; fileRef = AB7727FA1C774EA00046A771 /* RMTileCache.h */; settings = {ATTRIBUTES = (Public, ); }; };
		AB7728051C774EA00046A771 /* RMTileCache.m in Sources */ = {isa = PBXBuildFile; fileRef = AB7727FB1C774EA00046A771 /* RMTileCache.m */; };
		AB7728061C774EA00046A771 /* RMTileCacheDownloadOperation.h in Headers */ = {isa = PBXBuildFile; fileRef = AB7727FC1C774EA00046A771 /* RMTileCacheDownloadOperation.h */; settings = {ATTRIBUTES = (Public, ); }; };
		AB7728071C774EA00046A771 /* RMTileCacheDownloadOperation.m in Sources */ = {isa = PBXBuildFile; fileRef = AB7727FD1C774EA00046A771 /* RMTileCacheDownloadOperation.m */; };
		AB7728221C774F1B0046A771 /* RMBingSource.h in Headers */ = {isa = PBXBuildFile; fileRef = AB7728081C774F1B0046A771 /* RMBingSource.h */; settings = {ATTRIBUTES = (Public, ); }; };
		AB7728231C774F1B0046A771 /* RMBingSource.m in Sources */ = {isa = PBXBuildFile; fileRef = AB7728091C774F1B0046A771 /* RMBingSource.m */; };
		AB7728241C774F1B0046A771 /* RMCompositeSource.h in Headers */ = {isa = PBXBuildFile; fileRef = AB77280A1C774F1B0046A771 /* RMCompositeSource.h */; settings = {ATTRIBUTES = (Public, ); }; };
		AB7728251C774F1B0046A771 /* RMCompositeSource.m in Sources */ = {isa = PBXBuildFile; fileRef = AB77280B1C774F1B0046A771 /* RMCompositeSource.m */; };
		AB7728261C774F1B0046A771 /* RMCoordinateGridSource.h in Headers */ = {isa = PBXBuildFile; fileRef = AB77280C1C774F1B0046A771 /* RMCoordinateGridSource.h */; settings = {ATTRIBUTES = (Public, ); }; };
		AB7728271C774F1B0046A771 /* RMCoordinateGridSource.m in Sources */ = {isa = PBXBuildFile; fileRef = AB77280D1C774F1B0046A771 /* RMCoordinateGridSource.m */; };
		AB7728281C774F1B0046A771 /* RMDBMapSource.h in Headers */ = {isa = PBXBuildFile; fileRef = AB77280E1C774F1B0046A771 /* RMDBMapSource.h */; settings = {ATTRIBUTES = (Public, ); }; };
		AB7728291C774F1B0046A771 /* RMDBMapSource.m in Sources */ = {isa = PBXBuildFile; fileRef = AB77280F1C774F1B0046A771 /* RMDBMapSource.m */; };
		AB77282A1C774F1B0046A771 /* RMGenericMapSource.h in Headers */ = {isa = PBXBuildFile; fileRef = AB7728101C774F1B0046A771 /* RMGenericMapSource.h */; settings = {ATTRIBUTES = (Public, ); }; };
		AB77282B1C774F1B0046A771 /* RMGenericMapSource.m in Sources */ = {isa = PBXBuildFile; fileRef = AB7728111C774F1B0046A771 /* RMGenericMapSource.m */; };
		AB77282C1C774F1B0046A771 /* RMMapQuestOpenAerialSource.h in Headers */ = {isa = PBXBuildFile; fileRef = AB7728121C774F1B0046A771 /* RMMapQuestOpenAerialSource.h */; settings = {ATTRIBUTES = (Public, ); }; };
		AB77282D1C774F1B0046A771 /* RMMapQuestOpenAerialSource.m in Sources */ = {isa = PBXBuildFile; fileRef = AB7728131C774F1B0046A771 /* RMMapQuestOpenAerialSource.m */; };
		AB77282E1C774F1B0046A771 /* RMMapQuestOSMSource.h in Headers */ = {isa = PBXBuildFile; fileRef = AB7728141C774F1B0046A771 /* RMMapQuestOSMSource.h */; settings = {ATTRIBUTES = (Public, ); }; };
		AB77282F1C774F1B0046A771 /* RMMapQuestOSMSource.m in Sources */ = {isa = PBXBuildFile; fileRef = AB7728151C774F1B0046A771 /* RMMapQuestOSMSource.m */; };
		AB7728301C774F1B0046A771 /* RMOpenCycleMapSource.h in Headers */ = {isa = PBXBuildFile; fileRef = AB7728161C774F1B0046A771 /* RMOpenCycleMapSource.h */; settings = {ATTRIBUTES = (Public, ); }; };
		AB7728311C774F1B0046A771 /* RMOpenCycleMapSource.m in Sources */ = {isa = PBXBuildFile; fileRef = AB7728171C774F1B0046A771 /* RMOpenCycleMapSource.m */; };
		AB7728321C774F1B0046A771 /* RMOpenSeaMapLayer.h in Headers */ = {isa = PBXBuildFile; fileRef = AB7728181C774F1B0046A771 /* RMOpenSeaMapLayer.h */; settings = {ATTRIBUTES = (Public, ); }; };
		AB7728331C774F1B0046A771 /* RMOpenSeaMapLayer.m in Sources */ = {isa = PBXBuildFile; fileRef = AB7728191C774F1B0046A771 /* RMOpenSeaMapLayer.m */; };
		AB7728341C774F1B0046A771 /* RMOpenSeaMapSource.h in Headers */ = {isa = PBXBuildFile; fileRef = AB77281A1C774F1B0046A771 /* RMOpenSeaMapSource.h */; settings = {ATTRIBUTES = (Public, ); }; };
		AB7728351C774F1B0046A771 /* RMOpenSeaMapSource.m in Sources */ = {isa = PBXBuildFile; fileRef = AB77281B1C774F1B0046A771 /* RMOpenSeaMapSource.m */; };
		AB7728361C774F1B0046A771 /* RMOpenStreetMapSource.h in Headers */ = {isa = PBXBuildFile; fileRef = AB77281C1C774F1B0046A771 /* RMOpenStreetMapSource.h */; settings = {ATTRIBUTES = (Public, ); }; };
		AB7728371C774F1B0046A771 /* RMOpenStreetMapSource.m in Sources */ = {isa = PBXBuildFile; fileRef = AB77281D1C774F1B0046A771 /* RMOpenStreetMapSource.m */; };
		AB7728381C774F1B0046A771 /* RMWMS.h in Headers */ = {isa = PBXBuildFile; fileRef = AB77281E1C774F1B0046A771 /* RMWMS.h */; settings = {ATTRIBUTES = (Public, ); }; };
		AB7728391C774F1B0046A771 /* RMWMS.m in Sources */ = {isa = PBXBuildFile; fileRef = AB77281F1C774F1B0046A771 /* RMWMS.m */; };
		AB77283A1C774F1B0046A771 /* RMWMSSource.h in Headers */ = {isa = PBXBuildFile; fileRef = AB7728201C774F1B0046A771 /* RMWMSSource.h */; settings = {ATTRIBUTES = (Public, ); }; };
		AB77283B1C774F1B0046A771 /* RMWMSSource.m in Sources */ = {isa = PBXBuildFile; fileRef = AB7728211C774F1B0046A771 /* RMWMSSource.m */; };
		AB7728431C774F3E0046A771 /* RMAbstractMercatorTileSource.h in Headers */ = {isa = PBXBuildFile; fileRef = AB77283C1C774F3E0046A771 /* RMAbstractMercatorTileSource.h */; settings = {ATTRIBUTES = (Public, ); }; };
		AB7728441C774F3E0046A771 /* RMAbstractMercatorTileSource.m in Sources */ = {isa = PBXBuildFile; fileRef = AB77283D1C774F3E0046A771 /* RMAbstractMercatorTileSource.m */; };
		AB7728451C774F3E0046A771 /* RMAbstractWebMapSource.h in Headers */ = {isa = PBXBuildFile; fileRef = AB77283E1C774F3E0046A771 /* RMAbstractWebMapSource.h */; settings = {ATTRIBUTES = (Public, ); }; };
		AB7728461C774F3E0046A771 /* RMAbstractWebMapSource.m in Sources */ = {isa = PBXBuildFile; fileRef = AB77283F1C774F3E0046A771 /* RMAbstractWebMapSource.m */; };
		AB7728471C774F3E0046A771 /* RMTileSource.h in Headers */ = {isa = PBXBuildFile; fileRef = AB7728401C774F3E0046A771 /* RMTileSource.h */; settings = {ATTRIBUTES = (Public, ); }; };
		AB7728481C774F3E0046A771 /* RMTileSourcesContainer.h in Headers */ = {isa = PBXBuildFile; fileRef = AB7728411C774F3E0046A771 /* RMTileSourcesContainer.h */; settings = {ATTRIBUTES = (Public, ); }; };
		AB7728491C774F3E0046A771 /* RMTileSourcesContainer.m in Sources */ = {isa = PBXBuildFile; fileRef = AB7728421C774F3E0046A771 /* RMTileSourcesContainer.m */; };
		ABDA44DA1C74ACAC002EC7D7 /* libProj4.a in Frameworks */ = {isa = PBXBuildFile; fileRef = ABDA44D71C74AC7F002EC7D7 /* libProj4.a */; };
		ABE0585D1C748D2C00AF68F5 /* NSString+Attributes.h in Headers */ = {isa = PBXBuildFile; fileRef = ABE0585B1C748D2C00AF68F5 /* NSString+Attributes.h */; settings = {ATTRIBUTES = (Public, ); }; };
		ABE0585E1C748D2C00AF68F5 /* NSString+Attributes.m in Sources */ = {isa = PBXBuildFile; fileRef = ABE0585C1C748D2C00AF68F5 /* NSString+Attributes.m */; };
		B1EB26C610B5D8E6009F8658 /* RMNotifications.h in Headers */ = {isa = PBXBuildFile; fileRef = B1EB26C510B5D8E6009F8658 /* RMNotifications.h */; settings = {ATTRIBUTES = (Public, ); }; };
		B8800FF20EC3A239003E9CDD /* RMMapViewDelegate.h in Headers */ = {isa = PBXBuildFile; fileRef = 12F2031E0EBB65E9003D7B6B /* RMMapViewDelegate.h */; settings = {ATTRIBUTES = (Public, ); }; };
		B8C974500E8A19B2007D16AD /* CoreFoundation.framework in Frameworks */ = {isa = PBXBuildFile; fileRef = B83E65590E80E7EB001663B6 /* CoreFoundation.framework */; };
		B8C974510E8A19B2007D16AD /* CoreGraphics.framework in Frameworks */ = {isa = PBXBuildFile; fileRef = 288765A40DF7441C002DB57D /* CoreGraphics.framework */; };
		B8C974520E8A19B2007D16AD /* CoreLocation.framework in Frameworks */ = {isa = PBXBuildFile; fileRef = B83E65630E80E81C001663B6 /* CoreLocation.framework */; };
		B8C974530E8A19B2007D16AD /* UIKit.framework in Frameworks */ = {isa = PBXBuildFile; fileRef = 1DF5F4DF0D08C38300B7A737 /* UIKit.framework */; };
		B8C974540E8A19B2007D16AD /* QuartzCore.framework in Frameworks */ = {isa = PBXBuildFile; fileRef = B83E65680E80E830001663B6 /* QuartzCore.framework */; };
		B8C9746B0E8A1A50007D16AD /* RMMapView.h in Headers */ = {isa = PBXBuildFile; fileRef = B8C974690E8A1A50007D16AD /* RMMapView.h */; settings = {ATTRIBUTES = (Public, ); }; };
		B8C9746C0E8A1A50007D16AD /* RMMapView.m in Sources */ = {isa = PBXBuildFile; fileRef = B8C9746A0E8A1A50007D16AD /* RMMapView.m */; };
		DD1E3C6E161F954F004FC649 /* SMCalloutView.h in Headers */ = {isa = PBXBuildFile; fileRef = DD1E3C6C161F954F004FC649 /* SMCalloutView.h */; settings = {ATTRIBUTES = (Public, ); }; };
		DD1E3C6F161F954F004FC649 /* SMCalloutView.m in Sources */ = {isa = PBXBuildFile; fileRef = DD1E3C6D161F954F004FC649 /* SMCalloutView.m */; };
		DD2B374514CF8041008DE8CB /* FMDatabase.h in Headers */ = {isa = PBXBuildFile; fileRef = DD2B373F14CF8041008DE8CB /* FMDatabase.h */; settings = {ATTRIBUTES = (Public, ); }; };
		DD2B374614CF8041008DE8CB /* FMDatabase.m in Sources */ = {isa = PBXBuildFile; fileRef = DD2B374014CF8041008DE8CB /* FMDatabase.m */; settings = {COMPILER_FLAGS = "-fno-objc-arc"; }; };
		DD2B374714CF8041008DE8CB /* FMDatabaseAdditions.h in Headers */ = {isa = PBXBuildFile; fileRef = DD2B374114CF8041008DE8CB /* FMDatabaseAdditions.h */; settings = {ATTRIBUTES = (Public, ); }; };
		DD2B374814CF8041008DE8CB /* FMDatabaseAdditions.m in Sources */ = {isa = PBXBuildFile; fileRef = DD2B374214CF8041008DE8CB /* FMDatabaseAdditions.m */; settings = {COMPILER_FLAGS = "-fno-objc-arc"; }; };
		DD2B374914CF8041008DE8CB /* FMResultSet.h in Headers */ = {isa = PBXBuildFile; fileRef = DD2B374314CF8041008DE8CB /* FMResultSet.h */; settings = {ATTRIBUTES = (Public, ); }; };
		DD2B374A14CF8041008DE8CB /* FMResultSet.m in Sources */ = {isa = PBXBuildFile; fileRef = DD2B374414CF8041008DE8CB /* FMResultSet.m */; settings = {COMPILER_FLAGS = "-fno-objc-arc"; }; };
		DD2B374F14CF814F008DE8CB /* FMDatabasePool.h in Headers */ = {isa = PBXBuildFile; fileRef = DD2B374B14CF814F008DE8CB /* FMDatabasePool.h */; settings = {ATTRIBUTES = (Public, ); }; };
		DD2B375014CF814F008DE8CB /* FMDatabasePool.m in Sources */ = {isa = PBXBuildFile; fileRef = DD2B374C14CF814F008DE8CB /* FMDatabasePool.m */; settings = {COMPILER_FLAGS = "-fno-objc-arc"; }; };
		DD2B375114CF814F008DE8CB /* FMDatabaseQueue.h in Headers */ = {isa = PBXBuildFile; fileRef = DD2B374D14CF814F008DE8CB /* FMDatabaseQueue.h */; settings = {ATTRIBUTES = (Public, ); }; };
		DD2B375214CF814F008DE8CB /* FMDatabaseQueue.m in Sources */ = {isa = PBXBuildFile; fileRef = DD2B374E14CF814F008DE8CB /* FMDatabaseQueue.m */; settings = {COMPILER_FLAGS = "-fno-objc-arc"; }; };
		DD6B651B16A9ECD8007D1CBA /* MapView_Prefix.pch in Headers */ = {isa = PBXBuildFile; fileRef = DD6B651A16A9ECD8007D1CBA /* MapView_Prefix.pch */; settings = {ATTRIBUTES = (Public, ); }; };
		DD932BB5165C287000D69D49 /* TrackingDot.png in Resources */ = {isa = PBXBuildFile; fileRef = DD932BA7165C287000D69D49 /* TrackingDot.png */; };
		DD932BB6165C287000D69D49 /* TrackingDot@2x.png in Resources */ = {isa = PBXBuildFile; fileRef = DD932BA8165C287000D69D49 /* TrackingDot@2x.png */; };
		DD932BB7165C287000D69D49 /* HeadingAngleSmall.png in Resources */ = {isa = PBXBuildFile; fileRef = DD932BA9165C287000D69D49 /* HeadingAngleSmall.png */; };
		DD932BB8165C287000D69D49 /* HeadingAngleSmall@2x.png in Resources */ = {isa = PBXBuildFile; fileRef = DD932BAA165C287000D69D49 /* HeadingAngleSmall@2x.png */; };
		DD932BB9165C287000D69D49 /* LoadingTile.png in Resources */ = {isa = PBXBuildFile; fileRef = DD932BAB165C287000D69D49 /* LoadingTile.png */; };
		DD932BBA165C287000D69D49 /* LoadingTileZoom.png in Resources */ = {isa = PBXBuildFile; fileRef = DD932BAC165C287000D69D49 /* LoadingTileZoom.png */; };
		DD932BBB165C287000D69D49 /* TrackingDotHalo.png in Resources */ = {isa = PBXBuildFile; fileRef = DD932BAD165C287000D69D49 /* TrackingDotHalo.png */; };
		DD932BBC165C287000D69D49 /* TrackingDotHalo@2x.png in Resources */ = {isa = PBXBuildFile; fileRef = DD932BAE165C287000D69D49 /* TrackingDotHalo@2x.png */; };
		DD932BBD165C287000D69D49 /* TrackingHeading.png in Resources */ = {isa = PBXBuildFile; fileRef = DD932BAF165C287000D69D49 /* TrackingHeading.png */; };
		DD932BBE165C287000D69D49 /* TrackingHeading@2x.png in Resources */ = {isa = PBXBuildFile; fileRef = DD932BB0165C287000D69D49 /* TrackingHeading@2x.png */; };
		DD932BBF165C287000D69D49 /* TrackingLocation.png in Resources */ = {isa = PBXBuildFile; fileRef = DD932BB1165C287000D69D49 /* TrackingLocation.png */; };
		DD932BC0165C287000D69D49 /* TrackingLocation@2x.png in Resources */ = {isa = PBXBuildFile; fileRef = DD932BB2165C287000D69D49 /* TrackingLocation@2x.png */; };
/* End PBXBuildFile section */

/* Begin PBXContainerItemProxy section */
		AB7727331C77322B0046A771 /* PBXContainerItemProxy */ = {
			isa = PBXContainerItemProxy;
			containerPortal = 29B97313FDCFA39411CA2CEA /* Project object */;
			proxyType = 1;
			remoteGlobalIDString = B8C974130E8A19B2007D16AD;
			remoteInfo = MapView;
		};
		ABDA44D61C74AC7F002EC7D7 /* PBXContainerItemProxy */ = {
			isa = PBXContainerItemProxy;
			containerPortal = ABDA44D21C74AC7F002EC7D7 /* Proj4.xcodeproj */;
			proxyType = 2;
			remoteGlobalIDString = D2AAC07E0554694100DB518D;
			remoteInfo = Proj4;
		};
		ABDA44D81C74AC8B002EC7D7 /* PBXContainerItemProxy */ = {
			isa = PBXContainerItemProxy;
			containerPortal = ABDA44D21C74AC7F002EC7D7 /* Proj4.xcodeproj */;
			proxyType = 1;
			remoteGlobalIDString = D2AAC07D0554694100DB518D;
			remoteInfo = Proj4;
		};
		DD6A838F1644A2810097F31F /* PBXContainerItemProxy */ = {
			isa = PBXContainerItemProxy;
			containerPortal = 29B97313FDCFA39411CA2CEA /* Project object */;
			proxyType = 1;
			remoteGlobalIDString = DD6A83741644A20C0097F31F;
			remoteInfo = Resources;
		};
/* End PBXContainerItemProxy section */

/* Begin PBXFileReference section */
		12F2031E0EBB65E9003D7B6B /* RMMapViewDelegate.h */ = {isa = PBXFileReference; fileEncoding = 4; lastKnownFileType = sourcecode.c.h; path = RMMapViewDelegate.h; sourceTree = "<group>"; };
		17F02BB01319BA4B00260C6B /* RouteMe.h */ = {isa = PBXFileReference; fileEncoding = 4; lastKnownFileType = sourcecode.c.h; path = RouteMe.h; sourceTree = "<group>"; };
		17F31EFA1331050A00122B16 /* libMapView.a */ = {isa = PBXFileReference; explicitFileType = archive.ar; includeInIndex = 0; path = libMapView.a; sourceTree = BUILT_PRODUCTS_DIR; };
		1D30AB110D05D00D00671497 /* Foundation.framework */ = {isa = PBXFileReference; lastKnownFileType = wrapper.framework; name = Foundation.framework; path = System/Library/Frameworks/Foundation.framework; sourceTree = SDKROOT; };
		1DF5F4DF0D08C38300B7A737 /* UIKit.framework */ = {isa = PBXFileReference; lastKnownFileType = wrapper.framework; name = UIKit.framework; path = System/Library/Frameworks/UIKit.framework; sourceTree = SDKROOT; };
		288765A40DF7441C002DB57D /* CoreGraphics.framework */ = {isa = PBXFileReference; lastKnownFileType = wrapper.framework; name = CoreGraphics.framework; path = System/Library/Frameworks/CoreGraphics.framework; sourceTree = SDKROOT; };
		96492C3F0FA8AD3400EBA6D2 /* RMGlobalConstants.h */ = {isa = PBXFileReference; fileEncoding = 4; lastKnownFileType = sourcecode.c.h; path = RMGlobalConstants.h; sourceTree = "<group>"; };
		AB0BC5EE1C740A7E00C07AE5 /* libsqlite3.dylib */ = {isa = PBXFileReference; lastKnownFileType = "compiled.mach-o.dylib"; name = libsqlite3.dylib; path = ../../../../../../../../usr/lib/libsqlite3.dylib; sourceTree = "<group>"; };
		AB7727A61C774D850046A771 /* RMAnnotation.h */ = {isa = PBXFileReference; fileEncoding = 4; lastKnownFileType = sourcecode.c.h; name = RMAnnotation.h; path = "Annotation Layers/RMAnnotation.h"; sourceTree = "<group>"; };
		AB7727A71C774D850046A771 /* RMAnnotation.m */ = {isa = PBXFileReference; fileEncoding = 4; lastKnownFileType = sourcecode.c.objc; name = RMAnnotation.m; path = "Annotation Layers/RMAnnotation.m"; sourceTree = "<group>"; };
		AB7727A81C774D850046A771 /* RMCircle.h */ = {isa = PBXFileReference; fileEncoding = 4; lastKnownFileType = sourcecode.c.h; name = RMCircle.h; path = "Annotation Layers/RMCircle.h"; sourceTree = "<group>"; };
		AB7727A91C774D850046A771 /* RMCircle.m */ = {isa = PBXFileReference; fileEncoding = 4; lastKnownFileType = sourcecode.c.objc; name = RMCircle.m; path = "Annotation Layers/RMCircle.m"; sourceTree = "<group>"; };
		AB7727AA1C774D850046A771 /* RMMapLayer.h */ = {isa = PBXFileReference; fileEncoding = 4; lastKnownFileType = sourcecode.c.h; name = RMMapLayer.h; path = "Annotation Layers/RMMapLayer.h"; sourceTree = "<group>"; };
		AB7727AB1C774D850046A771 /* RMMapLayer.m */ = {isa = PBXFileReference; fileEncoding = 4; lastKnownFileType = sourcecode.c.objc; name = RMMapLayer.m; path = "Annotation Layers/RMMapLayer.m"; sourceTree = "<group>"; };
		AB7727AC1C774D850046A771 /* RMMarker.h */ = {isa = PBXFileReference; fileEncoding = 4; lastKnownFileType = sourcecode.c.h; name = RMMarker.h; path = "Annotation Layers/RMMarker.h"; sourceTree = "<group>"; };
		AB7727AD1C774D850046A771 /* RMMarker.m */ = {isa = PBXFileReference; fileEncoding = 4; lastKnownFileType = sourcecode.c.objc; name = RMMarker.m; path = "Annotation Layers/RMMarker.m"; sourceTree = "<group>"; };
		AB7727AE1C774D850046A771 /* RMQuadTree.h */ = {isa = PBXFileReference; fileEncoding = 4; lastKnownFileType = sourcecode.c.h; name = RMQuadTree.h; path = "Annotation Layers/RMQuadTree.h"; sourceTree = "<group>"; };
		AB7727AF1C774D850046A771 /* RMQuadTree.m */ = {isa = PBXFileReference; fileEncoding = 4; lastKnownFileType = sourcecode.c.objc; name = RMQuadTree.m; path = "Annotation Layers/RMQuadTree.m"; sourceTree = "<group>"; };
		AB7727B01C774D850046A771 /* RMShape.h */ = {isa = PBXFileReference; fileEncoding = 4; lastKnownFileType = sourcecode.c.h; name = RMShape.h; path = "Annotation Layers/RMShape.h"; sourceTree = "<group>"; };
		AB7727B11C774D850046A771 /* RMShape.m */ = {isa = PBXFileReference; fileEncoding = 4; lastKnownFileType = sourcecode.c.objc; name = RMShape.m; path = "Annotation Layers/RMShape.m"; sourceTree = "<group>"; };
		AB7727BE1C774DBF0046A771 /* RMUserLocation.h */ = {isa = PBXFileReference; fileEncoding = 4; lastKnownFileType = sourcecode.c.h; name = RMUserLocation.h; path = "User Location/RMUserLocation.h"; sourceTree = "<group>"; };
		AB7727BF1C774DBF0046A771 /* RMUserLocation.m */ = {isa = PBXFileReference; fileEncoding = 4; lastKnownFileType = sourcecode.c.objc; name = RMUserLocation.m; path = "User Location/RMUserLocation.m"; sourceTree = "<group>"; };
		AB7727C01C774DBF0046A771 /* RMUserTrackingBarButtonItem.h */ = {isa = PBXFileReference; fileEncoding = 4; lastKnownFileType = sourcecode.c.h; name = RMUserTrackingBarButtonItem.h; path = "User Location/RMUserTrackingBarButtonItem.h"; sourceTree = "<group>"; };
		AB7727C11C774DBF0046A771 /* RMUserTrackingBarButtonItem.m */ = {isa = PBXFileReference; fileEncoding = 4; lastKnownFileType = sourcecode.c.objc; name = RMUserTrackingBarButtonItem.m; path = "User Location/RMUserTrackingBarButtonItem.m"; sourceTree = "<group>"; };
		AB7727C61C774DD60046A771 /* RMConfiguration.h */ = {isa = PBXFileReference; fileEncoding = 4; lastKnownFileType = sourcecode.c.h; name = RMConfiguration.h; path = Configuration/RMConfiguration.h; sourceTree = "<group>"; };
		AB7727C71C774DD60046A771 /* RMConfiguration.m */ = {isa = PBXFileReference; fileEncoding = 4; lastKnownFileType = sourcecode.c.objc; name = RMConfiguration.m; path = Configuration/RMConfiguration.m; sourceTree = "<group>"; };
		AB7727CA1C774E040046A771 /* RMFoundation.c */ = {isa = PBXFileReference; fileEncoding = 4; lastKnownFileType = sourcecode.c.c; name = RMFoundation.c; path = "Low Level Details/Coordinate Systems/RMFoundation.c"; sourceTree = "<group>"; };
		AB7727CB1C774E040046A771 /* RMFoundation.h */ = {isa = PBXFileReference; fileEncoding = 4; lastKnownFileType = sourcecode.c.h; name = RMFoundation.h; path = "Low Level Details/Coordinate Systems/RMFoundation.h"; sourceTree = "<group>"; };
		AB7727CD1C774E040046A771 /* RMPixel.c */ = {isa = PBXFileReference; fileEncoding = 4; lastKnownFileType = sourcecode.c.c; name = RMPixel.c; path = "Low Level Details/Coordinate Systems/RMPixel.c"; sourceTree = "<group>"; };
		AB7727CE1C774E040046A771 /* RMPixel.h */ = {isa = PBXFileReference; fileEncoding = 4; lastKnownFileType = sourcecode.c.h; name = RMPixel.h; path = "Low Level Details/Coordinate Systems/RMPixel.h"; sourceTree = "<group>"; };
		AB7727CF1C774E040046A771 /* RMTile.c */ = {isa = PBXFileReference; fileEncoding = 4; lastKnownFileType = sourcecode.c.c; name = RMTile.c; path = "Low Level Details/Coordinate Systems/RMTile.c"; sourceTree = "<group>"; };
		AB7727D01C774E040046A771 /* RMTile.h */ = {isa = PBXFileReference; fileEncoding = 4; lastKnownFileType = sourcecode.c.h; name = RMTile.h; path = "Low Level Details/Coordinate Systems/RMTile.h"; sourceTree = "<group>"; };
		AB7727D81C774E140046A771 /* RMFractalTileProjection.h */ = {isa = PBXFileReference; fileEncoding = 4; lastKnownFileType = sourcecode.c.h; name = RMFractalTileProjection.h; path = "Low Level Details/Projections/RMFractalTileProjection.h"; sourceTree = "<group>"; };
		AB7727D91C774E140046A771 /* RMFractalTileProjection.m */ = {isa = PBXFileReference; fileEncoding = 4; lastKnownFileType = sourcecode.c.objc; name = RMFractalTileProjection.m; path = "Low Level Details/Projections/RMFractalTileProjection.m"; sourceTree = "<group>"; };
		AB7727DA1C774E140046A771 /* RMProjection.h */ = {isa = PBXFileReference; fileEncoding = 4; lastKnownFileType = sourcecode.c.h; name = RMProjection.h; path = "Low Level Details/Projections/RMProjection.h"; sourceTree = "<group>"; };
		AB7727DB1C774E140046A771 /* RMProjection.m */ = {isa = PBXFileReference; fileEncoding = 4; lastKnownFileType = sourcecode.c.objc; name = RMProjection.m; path = "Low Level Details/Projections/RMProjection.m"; sourceTree = "<group>"; };
		AB7727E01C774E240046A771 /* RMLoadingTileView.h */ = {isa = PBXFileReference; fileEncoding = 4; lastKnownFileType = sourcecode.c.h; name = RMLoadingTileView.h; path = "Low Level Details/Tile & Overlay Rendering/RMLoadingTileView.h"; sourceTree = "<group>"; };
		AB7727E11C774E240046A771 /* RMLoadingTileView.m */ = {isa = PBXFileReference; fileEncoding = 4; lastKnownFileType = sourcecode.c.objc; name = RMLoadingTileView.m; path = "Low Level Details/Tile & Overlay Rendering/RMLoadingTileView.m"; sourceTree = "<group>"; };
		AB7727E21C774E240046A771 /* RMMapOverlayView.h */ = {isa = PBXFileReference; fileEncoding = 4; lastKnownFileType = sourcecode.c.h; name = RMMapOverlayView.h; path = "Low Level Details/Tile & Overlay Rendering/RMMapOverlayView.h"; sourceTree = "<group>"; };
		AB7727E31C774E240046A771 /* RMMapOverlayView.m */ = {isa = PBXFileReference; fileEncoding = 4; lastKnownFileType = sourcecode.c.objc; name = RMMapOverlayView.m; path = "Low Level Details/Tile & Overlay Rendering/RMMapOverlayView.m"; sourceTree = "<group>"; };
		AB7727E41C774E240046A771 /* RMMapScrollView.h */ = {isa = PBXFileReference; fileEncoding = 4; lastKnownFileType = sourcecode.c.h; name = RMMapScrollView.h; path = "Low Level Details/Tile & Overlay Rendering/RMMapScrollView.h"; sourceTree = "<group>"; };
		AB7727E51C774E240046A771 /* RMMapScrollView.m */ = {isa = PBXFileReference; fileEncoding = 4; lastKnownFileType = sourcecode.c.objc; name = RMMapScrollView.m; path = "Low Level Details/Tile & Overlay Rendering/RMMapScrollView.m"; sourceTree = "<group>"; };
		AB7727E61C774E240046A771 /* RMMapTiledLayerView.h */ = {isa = PBXFileReference; fileEncoding = 4; lastKnownFileType = sourcecode.c.h; name = RMMapTiledLayerView.h; path = "Low Level Details/Tile & Overlay Rendering/RMMapTiledLayerView.h"; sourceTree = "<group>"; };
		AB7727E71C774E240046A771 /* RMMapTiledLayerView.m */ = {isa = PBXFileReference; fileEncoding = 4; lastKnownFileType = sourcecode.c.objc; name = RMMapTiledLayerView.m; path = "Low Level Details/Tile & Overlay Rendering/RMMapTiledLayerView.m"; sourceTree = "<group>"; };
		AB7727E81C774E240046A771 /* RMTileImage.h */ = {isa = PBXFileReference; fileEncoding = 4; lastKnownFileType = sourcecode.c.h; name = RMTileImage.h; path = "Low Level Details/Tile & Overlay Rendering/RMTileImage.h"; sourceTree = "<group>"; };
		AB7727E91C774E240046A771 /* RMTileImage.m */ = {isa = PBXFileReference; fileEncoding = 4; lastKnownFileType = sourcecode.c.objc; name = RMTileImage.m; path = "Low Level Details/Tile & Overlay Rendering/RMTileImage.m"; sourceTree = "<group>"; };
		AB7727F41C774EA00046A771 /* RMCacheObject.h */ = {isa = PBXFileReference; fileEncoding = 4; lastKnownFileType = sourcecode.c.h; name = RMCacheObject.h; path = "Tile Cache/RMCacheObject.h"; sourceTree = "<group>"; };
		AB7727F51C774EA00046A771 /* RMCacheObject.m */ = {isa = PBXFileReference; fileEncoding = 4; lastKnownFileType = sourcecode.c.objc; name = RMCacheObject.m; path = "Tile Cache/RMCacheObject.m"; sourceTree = "<group>"; };
		AB7727F61C774EA00046A771 /* RMDatabaseCache.h */ = {isa = PBXFileReference; fileEncoding = 4; lastKnownFileType = sourcecode.c.h; name = RMDatabaseCache.h; path = "Tile Cache/RMDatabaseCache.h"; sourceTree = "<group>"; };
		AB7727F71C774EA00046A771 /* RMDatabaseCache.m */ = {isa = PBXFileReference; fileEncoding = 4; lastKnownFileType = sourcecode.c.objc; name = RMDatabaseCache.m; path = "Tile Cache/RMDatabaseCache.m"; sourceTree = "<group>"; };
		AB7727F81C774EA00046A771 /* RMMemoryCache.h */ = {isa = PBXFileReference; fileEncoding = 4; lastKnownFileType = sourcecode.c.h; name = RMMemoryCache.h; path = "Tile Cache/RMMemoryCache.h"; sourceTree = "<group>"; };
		AB7727F91C774EA00046A771 /* RMMemoryCache.m */ = {isa = PBXFileReference; fileEncoding = 4; lastKnownFileType = sourcecode.c.objc; name = RMMemoryCache.m; path = "Tile Cache/RMMemoryCache.m"; sourceTree = "<group>"; };
		AB7727FA1C774EA00046A771 /* RMTileCache.h */ = {isa = PBXFileReference; fileEncoding = 4; lastKnownFileType = sourcecode.c.h; name = RMTileCache.h; path = "Tile Cache/RMTileCache.h"; sourceTree = "<group>"; };
		AB7727FB1C774EA00046A771 /* RMTileCache.m */ = {isa = PBXFileReference; fileEncoding = 4; lastKnownFileType = sourcecode.c.objc; name = RMTileCache.m; path = "Tile Cache/RMTileCache.m"; sourceTree = "<group>"; };
		AB7727FC1C774EA00046A771 /* RMTileCacheDownloadOperation.h */ = {isa = PBXFileReference; fileEncoding = 4; lastKnownFileType = sourcecode.c.h; name = RMTileCacheDownloadOperation.h; path = "Tile Cache/RMTileCacheDownloadOperation.h"; sourceTree = "<group>"; };
		AB7727FD1C774EA00046A771 /* RMTileCacheDownloadOperation.m */ = {isa = PBXFileReference; fileEncoding = 4; lastKnownFileType = sourcecode.c.objc; name = RMTileCacheDownloadOperation.m; path = "Tile Cache/RMTileCacheDownloadOperation.m"; sourceTree = "<group>"; };
		AB7728081C774F1B0046A771 /* RMBingSource.h */ = {isa = PBXFileReference; fileEncoding = 4; lastKnownFileType = sourcecode.c.h; name = RMBingSource.h; path = "Tile Sources/Map Sources/RMBingSource.h"; sourceTree = "<group>"; };
		AB7728091C774F1B0046A771 /* RMBingSource.m */ = {isa = PBXFileReference; fileEncoding = 4; lastKnownFileType = sourcecode.c.objc; name = RMBingSource.m; path = "Tile Sources/Map Sources/RMBingSource.m"; sourceTree = "<group>"; };
		AB77280A1C774F1B0046A771 /* RMCompositeSource.h */ = {isa = PBXFileReference; fileEncoding = 4; lastKnownFileType = sourcecode.c.h; name = RMCompositeSource.h; path = "Tile Sources/Map Sources/RMCompositeSource.h"; sourceTree = "<group>"; };
		AB77280B1C774F1B0046A771 /* RMCompositeSource.m */ = {isa = PBXFileReference; fileEncoding = 4; lastKnownFileType = sourcecode.c.objc; name = RMCompositeSource.m; path = "Tile Sources/Map Sources/RMCompositeSource.m"; sourceTree = "<group>"; };
		AB77280C1C774F1B0046A771 /* RMCoordinateGridSource.h */ = {isa = PBXFileReference; fileEncoding = 4; lastKnownFileType = sourcecode.c.h; name = RMCoordinateGridSource.h; path = "Tile Sources/Map Sources/RMCoordinateGridSource.h"; sourceTree = "<group>"; };
		AB77280D1C774F1B0046A771 /* RMCoordinateGridSource.m */ = {isa = PBXFileReference; fileEncoding = 4; lastKnownFileType = sourcecode.c.objc; name = RMCoordinateGridSource.m; path = "Tile Sources/Map Sources/RMCoordinateGridSource.m"; sourceTree = "<group>"; };
		AB77280E1C774F1B0046A771 /* RMDBMapSource.h */ = {isa = PBXFileReference; fileEncoding = 4; lastKnownFileType = sourcecode.c.h; name = RMDBMapSource.h; path = "Tile Sources/Map Sources/RMDBMapSource.h"; sourceTree = "<group>"; };
		AB77280F1C774F1B0046A771 /* RMDBMapSource.m */ = {isa = PBXFileReference; fileEncoding = 4; lastKnownFileType = sourcecode.c.objc; name = RMDBMapSource.m; path = "Tile Sources/Map Sources/RMDBMapSource.m"; sourceTree = "<group>"; };
		AB7728101C774F1B0046A771 /* RMGenericMapSource.h */ = {isa = PBXFileReference; fileEncoding = 4; lastKnownFileType = sourcecode.c.h; name = RMGenericMapSource.h; path = "Tile Sources/Map Sources/RMGenericMapSource.h"; sourceTree = "<group>"; };
		AB7728111C774F1B0046A771 /* RMGenericMapSource.m */ = {isa = PBXFileReference; fileEncoding = 4; lastKnownFileType = sourcecode.c.objc; name = RMGenericMapSource.m; path = "Tile Sources/Map Sources/RMGenericMapSource.m"; sourceTree = "<group>"; };
		AB7728121C774F1B0046A771 /* RMMapQuestOpenAerialSource.h */ = {isa = PBXFileReference; fileEncoding = 4; lastKnownFileType = sourcecode.c.h; name = RMMapQuestOpenAerialSource.h; path = "Tile Sources/Map Sources/RMMapQuestOpenAerialSource.h"; sourceTree = "<group>"; };
		AB7728131C774F1B0046A771 /* RMMapQuestOpenAerialSource.m */ = {isa = PBXFileReference; fileEncoding = 4; lastKnownFileType = sourcecode.c.objc; name = RMMapQuestOpenAerialSource.m; path = "Tile Sources/Map Sources/RMMapQuestOpenAerialSource.m"; sourceTree = "<group>"; };
		AB7728141C774F1B0046A771 /* RMMapQuestOSMSource.h */ = {isa = PBXFileReference; fileEncoding = 4; lastKnownFileType = sourcecode.c.h; name = RMMapQuestOSMSource.h; path = "Tile Sources/Map Sources/RMMapQuestOSMSource.h"; sourceTree = "<group>"; };
		AB7728151C774F1B0046A771 /* RMMapQuestOSMSource.m */ = {isa = PBXFileReference; fileEncoding = 4; lastKnownFileType = sourcecode.c.objc; name = RMMapQuestOSMSource.m; path = "Tile Sources/Map Sources/RMMapQuestOSMSource.m"; sourceTree = "<group>"; };
		AB7728161C774F1B0046A771 /* RMOpenCycleMapSource.h */ = {isa = PBXFileReference; fileEncoding = 4; lastKnownFileType = sourcecode.c.h; name = RMOpenCycleMapSource.h; path = "Tile Sources/Map Sources/RMOpenCycleMapSource.h"; sourceTree = "<group>"; };
		AB7728171C774F1B0046A771 /* RMOpenCycleMapSource.m */ = {isa = PBXFileReference; fileEncoding = 4; lastKnownFileType = sourcecode.c.objc; name = RMOpenCycleMapSource.m; path = "Tile Sources/Map Sources/RMOpenCycleMapSource.m"; sourceTree = "<group>"; };
		AB7728181C774F1B0046A771 /* RMOpenSeaMapLayer.h */ = {isa = PBXFileReference; fileEncoding = 4; lastKnownFileType = sourcecode.c.h; name = RMOpenSeaMapLayer.h; path = "Tile Sources/Map Sources/RMOpenSeaMapLayer.h"; sourceTree = "<group>"; };
		AB7728191C774F1B0046A771 /* RMOpenSeaMapLayer.m */ = {isa = PBXFileReference; fileEncoding = 4; lastKnownFileType = sourcecode.c.objc; name = RMOpenSeaMapLayer.m; path = "Tile Sources/Map Sources/RMOpenSeaMapLayer.m"; sourceTree = "<group>"; };
		AB77281A1C774F1B0046A771 /* RMOpenSeaMapSource.h */ = {isa = PBXFileReference; fileEncoding = 4; lastKnownFileType = sourcecode.c.h; name = RMOpenSeaMapSource.h; path = "Tile Sources/Map Sources/RMOpenSeaMapSource.h"; sourceTree = "<group>"; };
		AB77281B1C774F1B0046A771 /* RMOpenSeaMapSource.m */ = {isa = PBXFileReference; fileEncoding = 4; lastKnownFileType = sourcecode.c.objc; name = RMOpenSeaMapSource.m; path = "Tile Sources/Map Sources/RMOpenSeaMapSource.m"; sourceTree = "<group>"; };
		AB77281C1C774F1B0046A771 /* RMOpenStreetMapSource.h */ = {isa = PBXFileReference; fileEncoding = 4; lastKnownFileType = sourcecode.c.h; name = RMOpenStreetMapSource.h; path = "Tile Sources/Map Sources/RMOpenStreetMapSource.h"; sourceTree = "<group>"; };
		AB77281D1C774F1B0046A771 /* RMOpenStreetMapSource.m */ = {isa = PBXFileReference; fileEncoding = 4; lastKnownFileType = sourcecode.c.objc; name = RMOpenStreetMapSource.m; path = "Tile Sources/Map Sources/RMOpenStreetMapSource.m"; sourceTree = "<group>"; };
		AB77281E1C774F1B0046A771 /* RMWMS.h */ = {isa = PBXFileReference; fileEncoding = 4; lastKnownFileType = sourcecode.c.h; name = RMWMS.h; path = "Tile Sources/Map Sources/RMWMS.h"; sourceTree = "<group>"; };
		AB77281F1C774F1B0046A771 /* RMWMS.m */ = {isa = PBXFileReference; fileEncoding = 4; lastKnownFileType = sourcecode.c.objc; name = RMWMS.m; path = "Tile Sources/Map Sources/RMWMS.m"; sourceTree = "<group>"; };
		AB7728201C774F1B0046A771 /* RMWMSSource.h */ = {isa = PBXFileReference; fileEncoding = 4; lastKnownFileType = sourcecode.c.h; name = RMWMSSource.h; path = "Tile Sources/Map Sources/RMWMSSource.h"; sourceTree = "<group>"; };
		AB7728211C774F1B0046A771 /* RMWMSSource.m */ = {isa = PBXFileReference; fileEncoding = 4; lastKnownFileType = sourcecode.c.objc; name = RMWMSSource.m; path = "Tile Sources/Map Sources/RMWMSSource.m"; sourceTree = "<group>"; };
		AB77283C1C774F3E0046A771 /* RMAbstractMercatorTileSource.h */ = {isa = PBXFileReference; fileEncoding = 4; lastKnownFileType = sourcecode.c.h; name = RMAbstractMercatorTileSource.h; path = "Tile Sources/RMAbstractMercatorTileSource.h"; sourceTree = "<group>"; };
		AB77283D1C774F3E0046A771 /* RMAbstractMercatorTileSource.m */ = {isa = PBXFileReference; fileEncoding = 4; lastKnownFileType = sourcecode.c.objc; name = RMAbstractMercatorTileSource.m; path = "Tile Sources/RMAbstractMercatorTileSource.m"; sourceTree = "<group>"; };
		AB77283E1C774F3E0046A771 /* RMAbstractWebMapSource.h */ = {isa = PBXFileReference; fileEncoding = 4; lastKnownFileType = sourcecode.c.h; name = RMAbstractWebMapSource.h; path = "Tile Sources/RMAbstractWebMapSource.h"; sourceTree = "<group>"; };
		AB77283F1C774F3E0046A771 /* RMAbstractWebMapSource.m */ = {isa = PBXFileReference; fileEncoding = 4; lastKnownFileType = sourcecode.c.objc; name = RMAbstractWebMapSource.m; path = "Tile Sources/RMAbstractWebMapSource.m"; sourceTree = "<group>"; };
		AB7728401C774F3E0046A771 /* RMTileSource.h */ = {isa = PBXFileReference; fileEncoding = 4; lastKnownFileType = sourcecode.c.h; name = RMTileSource.h; path = "Tile Sources/RMTileSource.h"; sourceTree = "<group>"; };
		AB7728411C774F3E0046A771 /* RMTileSourcesContainer.h */ = {isa = PBXFileReference; fileEncoding = 4; lastKnownFileType = sourcecode.c.h; name = RMTileSourcesContainer.h; path = "Tile Sources/RMTileSourcesContainer.h"; sourceTree = "<group>"; };
		AB7728421C774F3E0046A771 /* RMTileSourcesContainer.m */ = {isa = PBXFileReference; fileEncoding = 4; lastKnownFileType = sourcecode.c.objc; name = RMTileSourcesContainer.m; path = "Tile Sources/RMTileSourcesContainer.m"; sourceTree = "<group>"; };
		ABDA44D21C74AC7F002EC7D7 /* Proj4.xcodeproj */ = {isa = PBXFileReference; lastKnownFileType = "wrapper.pb-project"; name = Proj4.xcodeproj; path = Map/Proj4/Proj4.xcodeproj; sourceTree = "<group>"; };
		ABE0585B1C748D2C00AF68F5 /* NSString+Attributes.h */ = {isa = PBXFileReference; fileEncoding = 4; lastKnownFileType = sourcecode.c.h; name = "NSString+Attributes.h"; path = "Categories/NSString+Attributes.h"; sourceTree = "<group>"; };
		ABE0585C1C748D2C00AF68F5 /* NSString+Attributes.m */ = {isa = PBXFileReference; fileEncoding = 4; lastKnownFileType = sourcecode.c.objc; name = "NSString+Attributes.m"; path = "Categories/NSString+Attributes.m"; sourceTree = "<group>"; };
		B1EB26C510B5D8E6009F8658 /* RMNotifications.h */ = {isa = PBXFileReference; fileEncoding = 4; lastKnownFileType = sourcecode.c.h; path = RMNotifications.h; sourceTree = "<group>"; };
		B83E65590E80E7EB001663B6 /* CoreFoundation.framework */ = {isa = PBXFileReference; lastKnownFileType = wrapper.framework; name = CoreFoundation.framework; path = System/Library/Frameworks/CoreFoundation.framework; sourceTree = SDKROOT; };
		B83E65630E80E81C001663B6 /* CoreLocation.framework */ = {isa = PBXFileReference; lastKnownFileType = wrapper.framework; name = CoreLocation.framework; path = System/Library/Frameworks/CoreLocation.framework; sourceTree = SDKROOT; };
		B83E65680E80E830001663B6 /* QuartzCore.framework */ = {isa = PBXFileReference; lastKnownFileType = wrapper.framework; name = QuartzCore.framework; path = System/Library/Frameworks/QuartzCore.framework; sourceTree = SDKROOT; };
		B8474BC00EB4019A006A0BC1 /* libsqlite3.dylib */ = {isa = PBXFileReference; lastKnownFileType = "compiled.mach-o.dylib"; name = libsqlite3.dylib; path = usr/lib/libsqlite3.dylib; sourceTree = SDKROOT; };
		B8C974690E8A1A50007D16AD /* RMMapView.h */ = {isa = PBXFileReference; fileEncoding = 4; lastKnownFileType = sourcecode.c.h; path = RMMapView.h; sourceTree = "<group>"; };
		B8C9746A0E8A1A50007D16AD /* RMMapView.m */ = {isa = PBXFileReference; fileEncoding = 4; lastKnownFileType = sourcecode.c.objc; path = RMMapView.m; sourceTree = "<group>"; };
		DD1E3C6C161F954F004FC649 /* SMCalloutView.h */ = {isa = PBXFileReference; fileEncoding = 4; lastKnownFileType = sourcecode.c.h; name = SMCalloutView.h; path = SMCalloutView/SMCalloutView.h; sourceTree = "<group>"; };
		DD1E3C6D161F954F004FC649 /* SMCalloutView.m */ = {isa = PBXFileReference; fileEncoding = 4; lastKnownFileType = sourcecode.c.objc; name = SMCalloutView.m; path = SMCalloutView/SMCalloutView.m; sourceTree = "<group>"; };
		DD2B373F14CF8041008DE8CB /* FMDatabase.h */ = {isa = PBXFileReference; fileEncoding = 4; lastKnownFileType = sourcecode.c.h; path = FMDatabase.h; sourceTree = "<group>"; };
		DD2B374014CF8041008DE8CB /* FMDatabase.m */ = {isa = PBXFileReference; fileEncoding = 4; lastKnownFileType = sourcecode.c.objc; path = FMDatabase.m; sourceTree = "<group>"; };
		DD2B374114CF8041008DE8CB /* FMDatabaseAdditions.h */ = {isa = PBXFileReference; fileEncoding = 4; lastKnownFileType = sourcecode.c.h; path = FMDatabaseAdditions.h; sourceTree = "<group>"; };
		DD2B374214CF8041008DE8CB /* FMDatabaseAdditions.m */ = {isa = PBXFileReference; fileEncoding = 4; lastKnownFileType = sourcecode.c.objc; path = FMDatabaseAdditions.m; sourceTree = "<group>"; };
		DD2B374314CF8041008DE8CB /* FMResultSet.h */ = {isa = PBXFileReference; fileEncoding = 4; lastKnownFileType = sourcecode.c.h; path = FMResultSet.h; sourceTree = "<group>"; };
		DD2B374414CF8041008DE8CB /* FMResultSet.m */ = {isa = PBXFileReference; fileEncoding = 4; lastKnownFileType = sourcecode.c.objc; path = FMResultSet.m; sourceTree = "<group>"; };
		DD2B374B14CF814F008DE8CB /* FMDatabasePool.h */ = {isa = PBXFileReference; fileEncoding = 4; lastKnownFileType = sourcecode.c.h; path = FMDatabasePool.h; sourceTree = "<group>"; };
		DD2B374C14CF814F008DE8CB /* FMDatabasePool.m */ = {isa = PBXFileReference; fileEncoding = 4; lastKnownFileType = sourcecode.c.objc; path = FMDatabasePool.m; sourceTree = "<group>"; };
		DD2B374D14CF814F008DE8CB /* FMDatabaseQueue.h */ = {isa = PBXFileReference; fileEncoding = 4; lastKnownFileType = sourcecode.c.h; path = FMDatabaseQueue.h; sourceTree = "<group>"; };
		DD2B374E14CF814F008DE8CB /* FMDatabaseQueue.m */ = {isa = PBXFileReference; fileEncoding = 4; lastKnownFileType = sourcecode.c.objc; path = FMDatabaseQueue.m; sourceTree = "<group>"; };
		DD6A83751644A20C0097F31F /* MapView.bundle */ = {isa = PBXFileReference; explicitFileType = wrapper.cfbundle; includeInIndex = 0; path = MapView.bundle; sourceTree = BUILT_PRODUCTS_DIR; };
		DD6B651A16A9ECD8007D1CBA /* MapView_Prefix.pch */ = {isa = PBXFileReference; fileEncoding = 4; lastKnownFileType = sourcecode.c.h; path = MapView_Prefix.pch; sourceTree = SOURCE_ROOT; };
		DD932BA7165C287000D69D49 /* TrackingDot.png */ = {isa = PBXFileReference; lastKnownFileType = image.png; name = TrackingDot.png; path = Map/Resources/TrackingDot.png; sourceTree = "<group>"; };
		DD932BA8165C287000D69D49 /* TrackingDot@2x.png */ = {isa = PBXFileReference; lastKnownFileType = image.png; name = "TrackingDot@2x.png"; path = "Map/Resources/TrackingDot@2x.png"; sourceTree = "<group>"; };
		DD932BA9165C287000D69D49 /* HeadingAngleSmall.png */ = {isa = PBXFileReference; lastKnownFileType = image.png; name = HeadingAngleSmall.png; path = Map/Resources/HeadingAngleSmall.png; sourceTree = "<group>"; };
		DD932BAA165C287000D69D49 /* HeadingAngleSmall@2x.png */ = {isa = PBXFileReference; lastKnownFileType = image.png; name = "HeadingAngleSmall@2x.png"; path = "Map/Resources/HeadingAngleSmall@2x.png"; sourceTree = "<group>"; };
		DD932BAB165C287000D69D49 /* LoadingTile.png */ = {isa = PBXFileReference; lastKnownFileType = image.png; name = LoadingTile.png; path = Map/Resources/LoadingTile.png; sourceTree = "<group>"; };
		DD932BAC165C287000D69D49 /* LoadingTileZoom.png */ = {isa = PBXFileReference; lastKnownFileType = image.png; name = LoadingTileZoom.png; path = Map/Resources/LoadingTileZoom.png; sourceTree = "<group>"; };
		DD932BAD165C287000D69D49 /* TrackingDotHalo.png */ = {isa = PBXFileReference; lastKnownFileType = image.png; name = TrackingDotHalo.png; path = Map/Resources/TrackingDotHalo.png; sourceTree = "<group>"; };
		DD932BAE165C287000D69D49 /* TrackingDotHalo@2x.png */ = {isa = PBXFileReference; lastKnownFileType = image.png; name = "TrackingDotHalo@2x.png"; path = "Map/Resources/TrackingDotHalo@2x.png"; sourceTree = "<group>"; };
		DD932BAF165C287000D69D49 /* TrackingHeading.png */ = {isa = PBXFileReference; lastKnownFileType = image.png; name = TrackingHeading.png; path = Map/Resources/TrackingHeading.png; sourceTree = "<group>"; };
		DD932BB0165C287000D69D49 /* TrackingHeading@2x.png */ = {isa = PBXFileReference; lastKnownFileType = image.png; name = "TrackingHeading@2x.png"; path = "Map/Resources/TrackingHeading@2x.png"; sourceTree = "<group>"; };
		DD932BB1165C287000D69D49 /* TrackingLocation.png */ = {isa = PBXFileReference; lastKnownFileType = image.png; name = TrackingLocation.png; path = Map/Resources/TrackingLocation.png; sourceTree = "<group>"; };
		DD932BB2165C287000D69D49 /* TrackingLocation@2x.png */ = {isa = PBXFileReference; lastKnownFileType = image.png; name = "TrackingLocation@2x.png"; path = "Map/Resources/TrackingLocation@2x.png"; sourceTree = "<group>"; };
/* End PBXFileReference section */

/* Begin PBXFrameworksBuildPhase section */
		B8C9744F0E8A19B2007D16AD /* Frameworks */ = {
			isa = PBXFrameworksBuildPhase;
			buildActionMask = 2147483647;
			files = (
				ABDA44DA1C74ACAC002EC7D7 /* libProj4.a in Frameworks */,
				B8C974500E8A19B2007D16AD /* CoreFoundation.framework in Frameworks */,
				B8C974510E8A19B2007D16AD /* CoreGraphics.framework in Frameworks */,
				B8C974520E8A19B2007D16AD /* CoreLocation.framework in Frameworks */,
				B8C974530E8A19B2007D16AD /* UIKit.framework in Frameworks */,
				B8C974540E8A19B2007D16AD /* QuartzCore.framework in Frameworks */,
			);
			runOnlyForDeploymentPostprocessing = 0;
		};
/* End PBXFrameworksBuildPhase section */

/* Begin PBXGroup section */
		1266929E0EB75BEA00E002D5 /* Configuration */ = {
			isa = PBXGroup;
			children = (
				AB7727C61C774DD60046A771 /* RMConfiguration.h */,
				AB7727C71C774DD60046A771 /* RMConfiguration.m */,
			);
			name = Configuration;
			sourceTree = "<group>";
		};
		16EC85CB133CA69A00219947 /* Map Sources */ = {
			isa = PBXGroup;
			children = (
				AB7728081C774F1B0046A771 /* RMBingSource.h */,
				AB7728091C774F1B0046A771 /* RMBingSource.m */,
				AB77280A1C774F1B0046A771 /* RMCompositeSource.h */,
				AB77280B1C774F1B0046A771 /* RMCompositeSource.m */,
				AB77280C1C774F1B0046A771 /* RMCoordinateGridSource.h */,
				AB77280D1C774F1B0046A771 /* RMCoordinateGridSource.m */,
				AB77280E1C774F1B0046A771 /* RMDBMapSource.h */,
				AB77280F1C774F1B0046A771 /* RMDBMapSource.m */,
				AB7728101C774F1B0046A771 /* RMGenericMapSource.h */,
				AB7728111C774F1B0046A771 /* RMGenericMapSource.m */,
				AB7728121C774F1B0046A771 /* RMMapQuestOpenAerialSource.h */,
				AB7728131C774F1B0046A771 /* RMMapQuestOpenAerialSource.m */,
				AB7728141C774F1B0046A771 /* RMMapQuestOSMSource.h */,
				AB7728151C774F1B0046A771 /* RMMapQuestOSMSource.m */,
				AB7728161C774F1B0046A771 /* RMOpenCycleMapSource.h */,
				AB7728171C774F1B0046A771 /* RMOpenCycleMapSource.m */,
				AB7728181C774F1B0046A771 /* RMOpenSeaMapLayer.h */,
				AB7728191C774F1B0046A771 /* RMOpenSeaMapLayer.m */,
				AB77281A1C774F1B0046A771 /* RMOpenSeaMapSource.h */,
				AB77281B1C774F1B0046A771 /* RMOpenSeaMapSource.m */,
				AB77281C1C774F1B0046A771 /* RMOpenStreetMapSource.h */,
				AB77281D1C774F1B0046A771 /* RMOpenStreetMapSource.m */,
				AB77281E1C774F1B0046A771 /* RMWMS.h */,
				AB77281F1C774F1B0046A771 /* RMWMS.m */,
				AB7728201C774F1B0046A771 /* RMWMSSource.h */,
				AB7728211C774F1B0046A771 /* RMWMSSource.m */,
			);
			name = "Map Sources";
			sourceTree = "<group>";
		};
		19C28FACFE9D520D11CA2CBB /* Products */ = {
			isa = PBXGroup;
			children = (
				17F31EFA1331050A00122B16 /* libMapView.a */,
				DD6A83751644A20C0097F31F /* MapView.bundle */,
			);
			name = Products;
			sourceTree = "<group>";
		};
		29B97314FDCFA39411CA2CEA /* CustomTemplate */ = {
			isa = PBXGroup;
			children = (
				B8C9740D0E8A196E007D16AD /* Map */,
				DD932BC2165C294100D69D49 /* Externals */,
				29B97323FDCFA39411CA2CEA /* Frameworks */,
				19C28FACFE9D520D11CA2CBB /* Products */,
			);
			name = CustomTemplate;
			sourceTree = "<group>";
		};
		29B97323FDCFA39411CA2CEA /* Frameworks */ = {
			isa = PBXGroup;
			children = (
				AB0BC5EE1C740A7E00C07AE5 /* libsqlite3.dylib */,
				B83E65590E80E7EB001663B6 /* CoreFoundation.framework */,
				288765A40DF7441C002DB57D /* CoreGraphics.framework */,
				B83E65630E80E81C001663B6 /* CoreLocation.framework */,
				1D30AB110D05D00D00671497 /* Foundation.framework */,
				B83E65680E80E830001663B6 /* QuartzCore.framework */,
				1DF5F4DF0D08C38300B7A737 /* UIKit.framework */,
				B8474BC00EB4019A006A0BC1 /* libsqlite3.dylib */,
			);
			name = Frameworks;
			sourceTree = "<group>";
		};
		ABDA44D31C74AC7F002EC7D7 /* Products */ = {
			isa = PBXGroup;
			children = (
				ABDA44D71C74AC7F002EC7D7 /* libProj4.a */,
			);
			name = Products;
			sourceTree = "<group>";
		};
		ABE0585A1C748CF500AF68F5 /* Categories */ = {
			isa = PBXGroup;
			children = (
				ABE0585B1C748D2C00AF68F5 /* NSString+Attributes.h */,
				ABE0585C1C748D2C00AF68F5 /* NSString+Attributes.m */,
			);
			name = Categories;
			sourceTree = "<group>";
		};
		B83E64CE0E80E73F001663B6 /* Tile & Overlay Rendering */ = {
			isa = PBXGroup;
			children = (
				AB7727E01C774E240046A771 /* RMLoadingTileView.h */,
				AB7727E11C774E240046A771 /* RMLoadingTileView.m */,
				AB7727E21C774E240046A771 /* RMMapOverlayView.h */,
				AB7727E31C774E240046A771 /* RMMapOverlayView.m */,
				AB7727E41C774E240046A771 /* RMMapScrollView.h */,
				AB7727E51C774E240046A771 /* RMMapScrollView.m */,
				AB7727E61C774E240046A771 /* RMMapTiledLayerView.h */,
				AB7727E71C774E240046A771 /* RMMapTiledLayerView.m */,
				AB7727E81C774E240046A771 /* RMTileImage.h */,
				AB7727E91C774E240046A771 /* RMTileImage.m */,
			);
			name = "Tile & Overlay Rendering";
			sourceTree = "<group>";
		};
		B83E64CF0E80E73F001663B6 /* Tile Cache */ = {
			isa = PBXGroup;
			children = (
				AB7727F41C774EA00046A771 /* RMCacheObject.h */,
				AB7727F51C774EA00046A771 /* RMCacheObject.m */,
				AB7727F61C774EA00046A771 /* RMDatabaseCache.h */,
				AB7727F71C774EA00046A771 /* RMDatabaseCache.m */,
				AB7727F81C774EA00046A771 /* RMMemoryCache.h */,
				AB7727F91C774EA00046A771 /* RMMemoryCache.m */,
				AB7727FA1C774EA00046A771 /* RMTileCache.h */,
				AB7727FB1C774EA00046A771 /* RMTileCache.m */,
				AB7727FC1C774EA00046A771 /* RMTileCacheDownloadOperation.h */,
				AB7727FD1C774EA00046A771 /* RMTileCacheDownloadOperation.m */,
			);
			name = "Tile Cache";
			sourceTree = "<group>";
		};
		B83E64E20E80E73F001663B6 /* Projections */ = {
			isa = PBXGroup;
			children = (
				AB7727D81C774E140046A771 /* RMFractalTileProjection.h */,
				AB7727D91C774E140046A771 /* RMFractalTileProjection.m */,
				AB7727DA1C774E140046A771 /* RMProjection.h */,
				AB7727DB1C774E140046A771 /* RMProjection.m */,
			);
			name = Projections;
			sourceTree = "<group>";
		};
		B83E64EB0E80E73F001663B6 /* Tile Sources */ = {
			isa = PBXGroup;
			children = (
				AB77283C1C774F3E0046A771 /* RMAbstractMercatorTileSource.h */,
				AB77283D1C774F3E0046A771 /* RMAbstractMercatorTileSource.m */,
				AB77283E1C774F3E0046A771 /* RMAbstractWebMapSource.h */,
				AB77283F1C774F3E0046A771 /* RMAbstractWebMapSource.m */,
				AB7728401C774F3E0046A771 /* RMTileSource.h */,
				AB7728411C774F3E0046A771 /* RMTileSourcesContainer.h */,
				AB7728421C774F3E0046A771 /* RMTileSourcesContainer.m */,
				16EC85CB133CA69A00219947 /* Map Sources */,
			);
			name = "Tile Sources";
			sourceTree = "<group>";
		};
		B8474B8C0EB40094006A0BC1 /* FMDB */ = {
			isa = PBXGroup;
			children = (
				DD2B373F14CF8041008DE8CB /* FMDatabase.h */,
				DD2B374014CF8041008DE8CB /* FMDatabase.m */,
				DD2B374114CF8041008DE8CB /* FMDatabaseAdditions.h */,
				DD2B374214CF8041008DE8CB /* FMDatabaseAdditions.m */,
				DD2B374314CF8041008DE8CB /* FMResultSet.h */,
				DD2B374414CF8041008DE8CB /* FMResultSet.m */,
				DD2B374B14CF814F008DE8CB /* FMDatabasePool.h */,
				DD2B374C14CF814F008DE8CB /* FMDatabasePool.m */,
				DD2B374D14CF814F008DE8CB /* FMDatabaseQueue.h */,
				DD2B374E14CF814F008DE8CB /* FMDatabaseQueue.m */,
			);
			name = FMDB;
			path = Map/FMDB/src;
			sourceTree = "<group>";
		};
		B86F26A80E8742ED007A3773 /* Annotation Layers */ = {
			isa = PBXGroup;
			children = (
				AB7727A61C774D850046A771 /* RMAnnotation.h */,
				AB7727A71C774D850046A771 /* RMAnnotation.m */,
				AB7727A81C774D850046A771 /* RMCircle.h */,
				AB7727A91C774D850046A771 /* RMCircle.m */,
				AB7727AA1C774D850046A771 /* RMMapLayer.h */,
				AB7727AB1C774D850046A771 /* RMMapLayer.m */,
				AB7727AC1C774D850046A771 /* RMMarker.h */,
				AB7727AD1C774D850046A771 /* RMMarker.m */,
				AB7727AE1C774D850046A771 /* RMQuadTree.h */,
				AB7727AF1C774D850046A771 /* RMQuadTree.m */,
				AB7727B01C774D850046A771 /* RMShape.h */,
				AB7727B11C774D850046A771 /* RMShape.m */,
			);
			name = "Annotation Layers";
			sourceTree = "<group>";
		};
		B8C9740D0E8A196E007D16AD /* Map */ = {
			isa = PBXGroup;
			children = (
				17F02BB01319BA4B00260C6B /* RouteMe.h */,
				96492C3F0FA8AD3400EBA6D2 /* RMGlobalConstants.h */,
				B1EB26C510B5D8E6009F8658 /* RMNotifications.h */,
				B8C974690E8A1A50007D16AD /* RMMapView.h */,
				B8C9746A0E8A1A50007D16AD /* RMMapView.m */,
				12F2031E0EBB65E9003D7B6B /* RMMapViewDelegate.h */,
				ABE0585A1C748CF500AF68F5 /* Categories */,
				B83E64EB0E80E73F001663B6 /* Tile Sources */,
				B83E64CF0E80E73F001663B6 /* Tile Cache */,
				B86F26A80E8742ED007A3773 /* Annotation Layers */,
				DD8FD7571559ED930044D96F /* User Location */,
				1266929E0EB75BEA00E002D5 /* Configuration */,
				DD932B5B165C261A00D69D49 /* Low-Level Details */,
				DD932BC1165C287600D69D49 /* Resources */,
			);
			path = Map;
			sourceTree = "<group>";
		};
		B8C974B30E8A23C5007D16AD /* Coordinate Systems */ = {
			isa = PBXGroup;
			children = (
				AB7727CA1C774E040046A771 /* RMFoundation.c */,
				AB7727CB1C774E040046A771 /* RMFoundation.h */,
				AB7727CD1C774E040046A771 /* RMPixel.c */,
				AB7727CE1C774E040046A771 /* RMPixel.h */,
				AB7727CF1C774E040046A771 /* RMTile.c */,
				AB7727D01C774E040046A771 /* RMTile.h */,
			);
			name = "Coordinate Systems";
			sourceTree = "<group>";
		};
		DD76E12E161E347B00F60F43 /* SMCallout */ = {
			isa = PBXGroup;
			children = (
				DD1E3C6C161F954F004FC649 /* SMCalloutView.h */,
				DD1E3C6D161F954F004FC649 /* SMCalloutView.m */,
			);
			name = SMCallout;
			path = Map;
			sourceTree = "<group>";
		};
		DD8FD7571559ED930044D96F /* User Location */ = {
			isa = PBXGroup;
			children = (
				AB7727BE1C774DBF0046A771 /* RMUserLocation.h */,
				AB7727BF1C774DBF0046A771 /* RMUserLocation.m */,
				AB7727C01C774DBF0046A771 /* RMUserTrackingBarButtonItem.h */,
				AB7727C11C774DBF0046A771 /* RMUserTrackingBarButtonItem.m */,
			);
			name = "User Location";
			sourceTree = "<group>";
		};
		DD932B5B165C261A00D69D49 /* Low-Level Details */ = {
			isa = PBXGroup;
			children = (
				DD6B651A16A9ECD8007D1CBA /* MapView_Prefix.pch */,
				B8C974B30E8A23C5007D16AD /* Coordinate Systems */,
				B83E64E20E80E73F001663B6 /* Projections */,
				B83E64CE0E80E73F001663B6 /* Tile & Overlay Rendering */,
			);
			name = "Low-Level Details";
			sourceTree = "<group>";
		};
		DD932BC1165C287600D69D49 /* Resources */ = {
			isa = PBXGroup;
			children = (
				DD932BA9165C287000D69D49 /* HeadingAngleSmall.png */,
				DD932BAA165C287000D69D49 /* HeadingAngleSmall@2x.png */,
				DD932BAB165C287000D69D49 /* LoadingTile.png */,
				DD932BAC165C287000D69D49 /* LoadingTileZoom.png */,
				DD932BA7165C287000D69D49 /* TrackingDot.png */,
				DD932BA8165C287000D69D49 /* TrackingDot@2x.png */,
				DD932BAD165C287000D69D49 /* TrackingDotHalo.png */,
				DD932BAE165C287000D69D49 /* TrackingDotHalo@2x.png */,
				DD932BAF165C287000D69D49 /* TrackingHeading.png */,
				DD932BB0165C287000D69D49 /* TrackingHeading@2x.png */,
				DD932BB1165C287000D69D49 /* TrackingLocation.png */,
				DD932BB2165C287000D69D49 /* TrackingLocation@2x.png */,
			);
			name = Resources;
			path = ..;
			sourceTree = "<group>";
		};
		DD932BC2165C294100D69D49 /* Externals */ = {
			isa = PBXGroup;
			children = (
				B8474B8C0EB40094006A0BC1 /* FMDB */,
				DDDFF7FE165D5BA200A9D877 /* Proj4 */,
				DD76E12E161E347B00F60F43 /* SMCallout */,
			);
			name = Externals;
			sourceTree = "<group>";
		};
		DDDFF7FE165D5BA200A9D877 /* Proj4 */ = {
			isa = PBXGroup;
			children = (
				ABDA44D21C74AC7F002EC7D7 /* Proj4.xcodeproj */,
			);
			name = Proj4;
			sourceTree = "<group>";
		};
/* End PBXGroup section */

/* Begin PBXHeadersBuildPhase section */
		B8C974160E8A19B2007D16AD /* Headers */ = {
			isa = PBXHeadersBuildPhase;
			buildActionMask = 2147483647;
			files = (
				AB7728361C774F1B0046A771 /* RMOpenStreetMapSource.h in Headers */,
				AB7728321C774F1B0046A771 /* RMOpenSeaMapLayer.h in Headers */,
				AB7727C81C774DD60046A771 /* RMConfiguration.h in Headers */,
				AB7727C41C774DBF0046A771 /* RMUserTrackingBarButtonItem.h in Headers */,
				AB7727D21C774E040046A771 /* RMFoundation.h in Headers */,
				AB7727B81C774D850046A771 /* RMMarker.h in Headers */,
				AB7728481C774F3E0046A771 /* RMTileSourcesContainer.h in Headers */,
				AB7728061C774EA00046A771 /* RMTileCacheDownloadOperation.h in Headers */,
				AB77282C1C774F1B0046A771 /* RMMapQuestOpenAerialSource.h in Headers */,
				AB7727BC1C774D850046A771 /* RMShape.h in Headers */,
				AB77283A1C774F1B0046A771 /* RMWMSSource.h in Headers */,
				AB7728471C774F3E0046A771 /* RMTileSource.h in Headers */,
				AB7727EC1C774E240046A771 /* RMMapOverlayView.h in Headers */,
				AB7727D71C774E040046A771 /* RMTile.h in Headers */,
				AB7727DE1C774E140046A771 /* RMProjection.h in Headers */,
				AB7727DC1C774E140046A771 /* RMFractalTileProjection.h in Headers */,
				AB7728041C774EA00046A771 /* RMTileCache.h in Headers */,
				AB7728241C774F1B0046A771 /* RMCompositeSource.h in Headers */,
				AB7727F21C774E240046A771 /* RMTileImage.h in Headers */,
				AB7727F01C774E240046A771 /* RMMapTiledLayerView.h in Headers */,
				AB7728431C774F3E0046A771 /* RMAbstractMercatorTileSource.h in Headers */,
				AB7727EA1C774E240046A771 /* RMLoadingTileView.h in Headers */,
				AB7727FE1C774EA00046A771 /* RMCacheObject.h in Headers */,
				AB7727C21C774DBF0046A771 /* RMUserLocation.h in Headers */,
				AB7728301C774F1B0046A771 /* RMOpenCycleMapSource.h in Headers */,
				AB77282A1C774F1B0046A771 /* RMGenericMapSource.h in Headers */,
				AB7727B61C774D850046A771 /* RMMapLayer.h in Headers */,
				AB7728021C774EA00046A771 /* RMMemoryCache.h in Headers */,
				AB7727EE1C774E240046A771 /* RMMapScrollView.h in Headers */,
				AB7728281C774F1B0046A771 /* RMDBMapSource.h in Headers */,
				AB7728221C774F1B0046A771 /* RMBingSource.h in Headers */,
				AB7728381C774F1B0046A771 /* RMWMS.h in Headers */,
				AB7728341C774F1B0046A771 /* RMOpenSeaMapSource.h in Headers */,
				AB7728451C774F3E0046A771 /* RMAbstractWebMapSource.h in Headers */,
				AB7728261C774F1B0046A771 /* RMCoordinateGridSource.h in Headers */,
				AB7727BA1C774D850046A771 /* RMQuadTree.h in Headers */,
				AB7727D51C774E040046A771 /* RMPixel.h in Headers */,
				AB77282E1C774F1B0046A771 /* RMMapQuestOSMSource.h in Headers */,
				AB7727B41C774D850046A771 /* RMCircle.h in Headers */,
				AB7727B21C774D850046A771 /* RMAnnotation.h in Headers */,
				AB7728001C774EA00046A771 /* RMDatabaseCache.h in Headers */,
				17F02BB11319BA4B00260C6B /* RouteMe.h in Headers */,
				B8C9746B0E8A1A50007D16AD /* RMMapView.h in Headers */,
				B8800FF20EC3A239003E9CDD /* RMMapViewDelegate.h in Headers */,
				96492C400FA8AD3400EBA6D2 /* RMGlobalConstants.h in Headers */,
				B1EB26C610B5D8E6009F8658 /* RMNotifications.h in Headers */,
				ABE0585D1C748D2C00AF68F5 /* NSString+Attributes.h in Headers */,
				DD2B374514CF8041008DE8CB /* FMDatabase.h in Headers */,
				DD2B374714CF8041008DE8CB /* FMDatabaseAdditions.h in Headers */,
				DD2B374914CF8041008DE8CB /* FMResultSet.h in Headers */,
				DD2B374F14CF814F008DE8CB /* FMDatabasePool.h in Headers */,
				DD2B375114CF814F008DE8CB /* FMDatabaseQueue.h in Headers */,
				DD1E3C6E161F954F004FC649 /* SMCalloutView.h in Headers */,
				DD6B651B16A9ECD8007D1CBA /* MapView_Prefix.pch in Headers */,
			);
			runOnlyForDeploymentPostprocessing = 0;
		};
/* End PBXHeadersBuildPhase section */

/* Begin PBXNativeTarget section */
		B8C974130E8A19B2007D16AD /* MapView */ = {
			isa = PBXNativeTarget;
			buildConfigurationList = B8C974560E8A19B2007D16AD /* Build configuration list for PBXNativeTarget "MapView" */;
			buildPhases = (
				B8C974160E8A19B2007D16AD /* Headers */,
				B8C974340E8A19B2007D16AD /* Sources */,
				B8C9744F0E8A19B2007D16AD /* Frameworks */,
				AB7727201C772A050046A771 /* Run Script */,
			);
			buildRules = (
			);
			dependencies = (
				ABDA44D91C74AC8B002EC7D7 /* PBXTargetDependency */,
				DD6A83901644A2810097F31F /* PBXTargetDependency */,
			);
			name = MapView;
			productName = MapView;
			productReference = 17F31EFA1331050A00122B16 /* libMapView.a */;
			productType = "com.apple.product-type.library.static";
		};
		DD6A83741644A20C0097F31F /* Resources */ = {
			isa = PBXNativeTarget;
			buildConfigurationList = DD6A837E1644A20C0097F31F /* Build configuration list for PBXNativeTarget "Resources" */;
			buildPhases = (
				DD6A83711644A20C0097F31F /* Sources */,
				DD6A83731644A20C0097F31F /* Resources */,
			);
			buildRules = (
			);
			dependencies = (
			);
			name = Resources;
			productName = Resources;
			productReference = DD6A83751644A20C0097F31F /* MapView.bundle */;
			productType = "com.apple.product-type.bundle";
		};
/* End PBXNativeTarget section */

/* Begin PBXProject section */
		29B97313FDCFA39411CA2CEA /* Project object */ = {
			isa = PBXProject;
			attributes = {
				LastUpgradeCheck = 0720;
				TargetAttributes = {
					AB77272F1C7732240046A771 = {
						CreatedOnToolsVersion = 7.2.1;
					};
				};
			};
			buildConfigurationList = C01FCF4E08A954540054247B /* Build configuration list for PBXProject "MapView" */;
			compatibilityVersion = "Xcode 3.2";
			developmentRegion = English;
			hasScannedForEncodings = 1;
			knownRegions = (
				English,
				Japanese,
				French,
				German,
				en,
			);
			mainGroup = 29B97314FDCFA39411CA2CEA /* CustomTemplate */;
			projectDirPath = "";
			projectReferences = (
				{
					ProductGroup = ABDA44D31C74AC7F002EC7D7 /* Products */;
					ProjectRef = ABDA44D21C74AC7F002EC7D7 /* Proj4.xcodeproj */;
				},
			);
			projectRoot = "";
			targets = (
				B8C974130E8A19B2007D16AD /* MapView */,
				DD6A83741644A20C0097F31F /* Resources */,
				AB77272F1C7732240046A771 /* RMMap */,
			);
		};
/* End PBXProject section */

/* Begin PBXReferenceProxy section */
		ABDA44D71C74AC7F002EC7D7 /* libProj4.a */ = {
			isa = PBXReferenceProxy;
			fileType = archive.ar;
			path = libProj4.a;
			remoteRef = ABDA44D61C74AC7F002EC7D7 /* PBXContainerItemProxy */;
			sourceTree = BUILT_PRODUCTS_DIR;
		};
/* End PBXReferenceProxy section */

/* Begin PBXResourcesBuildPhase section */
		DD6A83731644A20C0097F31F /* Resources */ = {
			isa = PBXResourcesBuildPhase;
			buildActionMask = 2147483647;
			files = (
				DD932BB7165C287000D69D49 /* HeadingAngleSmall.png in Resources */,
				DD932BB8165C287000D69D49 /* HeadingAngleSmall@2x.png in Resources */,
				DD932BB9165C287000D69D49 /* LoadingTile.png in Resources */,
				DD932BBA165C287000D69D49 /* LoadingTileZoom.png in Resources */,
				DD932BB5165C287000D69D49 /* TrackingDot.png in Resources */,
				DD932BB6165C287000D69D49 /* TrackingDot@2x.png in Resources */,
				DD932BBB165C287000D69D49 /* TrackingDotHalo.png in Resources */,
				DD932BBC165C287000D69D49 /* TrackingDotHalo@2x.png in Resources */,
				DD932BBD165C287000D69D49 /* TrackingHeading.png in Resources */,
				DD932BBE165C287000D69D49 /* TrackingHeading@2x.png in Resources */,
				DD932BBF165C287000D69D49 /* TrackingLocation.png in Resources */,
				DD932BC0165C287000D69D49 /* TrackingLocation@2x.png in Resources */,
			);
			runOnlyForDeploymentPostprocessing = 0;
		};
/* End PBXResourcesBuildPhase section */

/* Begin PBXShellScriptBuildPhase section */
		AB7727201C772A050046A771 /* Run Script */ = {
			isa = PBXShellScriptBuildPhase;
			buildActionMask = 2147483647;
			files = (
			);
			inputPaths = (
			);
			name = "Run Script";
			outputPaths = (
			);
			runOnlyForDeploymentPostprocessing = 0;
			shellPath = /bin/sh;
			shellScript = "set -e\n\nexport FRAMEWORK_LOCN=\"${BUILT_PRODUCTS_DIR}/${PRODUCT_NAME}.framework\"\n\n# Create the path to the real Headers die\nmkdir -p \"${FRAMEWORK_LOCN}/Versions/A/Headers\"\n\n# Create the required symlinks\n/bin/ln -sfh A \"${FRAMEWORK_LOCN}/Versions/Current\"\n/bin/ln -sfh Versions/Current/Headers \"${FRAMEWORK_LOCN}/Headers\"\n/bin/ln -sfh \"Versions/Current/${PRODUCT_NAME}\" \\\n\"${FRAMEWORK_LOCN}/${PRODUCT_NAME}\"\n\n# Copy the public headers into the framework\n/bin/cp -a \"${TARGET_BUILD_DIR}/${PUBLIC_HEADERS_FOLDER_PATH}/\" \\\n\"${FRAMEWORK_LOCN}/Versions/A/Headers\"";
		};
		AB7727351C77322E0046A771 /* ShellScript */ = {
			isa = PBXShellScriptBuildPhase;
			buildActionMask = 2147483647;
			files = (
			);
			inputPaths = (
			);
			outputPaths = (
			);
			runOnlyForDeploymentPostprocessing = 0;
			shellPath = /bin/sh;
			shellScript = "set -e\n\n# If we're already inside this script then die\nif [ -n \"$RW_MULTIPLATFORM_BUILD_IN_PROGRESS\" ]; then\nexit 0\nfi\nexport RW_MULTIPLATFORM_BUILD_IN_PROGRESS=1\n\nRW_FRAMEWORK_NAME=${PROJECT_NAME}\nRW_INPUT_STATIC_LIB=\"lib${PROJECT_NAME}.a\"\nRW_FRAMEWORK_LOCATION=\"${BUILT_PRODUCTS_DIR}/${RW_FRAMEWORK_NAME}.framework\"\n\nfunction build_static_library {\n    # Will rebuild the static library as specified\n    #     build_static_library sdk\n    xcrun xcodebuild -project \"${PROJECT_FILE_PATH}\" \\\n    -target \"${TARGET_NAME}\" \\\n    -configuration \"${CONFIGURATION}\" \\\n    -sdk \"${1}\" \\\n    ONLY_ACTIVE_ARCH=NO \\\n    BUILD_DIR=\"${BUILD_DIR}\" \\\n    OBJROOT=\"${OBJROOT}\" \\\n    BUILD_ROOT=\"${BUILD_ROOT}\" \\\n    SYMROOT=\"${SYMROOT}\" $ACTION\n}\n\nfunction make_fat_library {\n    # Will smash 2 static libs together\n    #     make_fat_library in1 in2 out\n    xcrun lipo -create \"${1}\" \"${2}\" -output \"${3}\"\n}\n\n# 1 - Extract the platform (iphoneos/iphonesimulator) from the SDK name\nif [[ \"$SDK_NAME\" =~ ([A-Za-z]+) ]]; then\nRW_SDK_PLATFORM=${BASH_REMATCH[1]}\nelse\necho \"Could not find platform name from SDK_NAME: $SDK_NAME\" > ~/output.txt\nexit 1\nfi\n\n# 2 - Extract the version from the SDK\nif [[ \"$SDK_NAME\" =~ ([0-9]+.*$) ]]; then\nRW_SDK_VERSION=${BASH_REMATCH[1]}\nelse\necho \"Could not find sdk version from SDK_NAME: $SDK_NAME\" >> ~/output.txt\nexit 1\nfi\n\n# 3 - Determine the other platform\nif [ \"$RW_SDK_PLATFORM\" == \"iphoneos\" ]; then\nRW_OTHER_PLATFORM=iphonesimulator\nelse\nRW_OTHER_PLATFORM=iphoneos\nfi\n\n# 4 - Find the build directory\nif [[ \"$BUILT_PRODUCTS_DIR\" =~ (.*)$RW_SDK_PLATFORM$ ]]; then\nRW_OTHER_BUILT_PRODUCTS_DIR=\"${BASH_REMATCH[1]}${RW_OTHER_PLATFORM}\"\nelse\necho \"Could not find other platform build directory.\" >> ~/output.txt\nexit 1\nfi\n\necho \"Hello 1\" >> ~/output.txt\n\n# Build the other platform.\nbuild_static_library \"${RW_OTHER_PLATFORM}${RW_SDK_VERSION}\"\n\necho \"Hello 2\" >> ~/output.txt\n\n# If we're currently building for iphonesimulator, then need to rebuild\n#   to ensure that we get both i386 and x86_64\nif [ \"$RW_SDK_PLATFORM\" == \"iphonesimulator\" ]; then\nbuild_static_library \"${SDK_NAME}\"\nfi\n\necho \"Hello 3\" >> ~/output.txt\n\n# Join the 2 static libs into 1 and push into the .framework\nmake_fat_library \"${BUILT_PRODUCTS_DIR}/${RW_INPUT_STATIC_LIB}\" \\\n\"${RW_OTHER_BUILT_PRODUCTS_DIR}/${RW_INPUT_STATIC_LIB}\" \\\n\"${RW_FRAMEWORK_LOCATION}/Versions/A/${RW_FRAMEWORK_NAME}\"\n\necho \"Hello 4\" >> ~/output.txt\n\n# Ensure that the framework is present in both platform's build directories\ncp -a \"${RW_FRAMEWORK_LOCATION}/Versions/A/${RW_FRAMEWORK_NAME}\" \\\n\"${RW_OTHER_BUILT_PRODUCTS_DIR}/${RW_FRAMEWORK_NAME}.framework/Versions/A/${RW_FRAMEWORK_NAME}\"\n\necho \"Hello 5\" >> ~/output.txt\n\n# Copy the framework to the user's desktop\nditto \"${RW_FRAMEWORK_LOCATION}\" \"${HOME}/Desktop/${RW_FRAMEWORK_NAME}.framework\"";
		};
/* End PBXShellScriptBuildPhase section */

/* Begin PBXSourcesBuildPhase section */
		B8C974340E8A19B2007D16AD /* Sources */ = {
			isa = PBXSourcesBuildPhase;
			buildActionMask = 2147483647;
			files = (
				AB7728251C774F1B0046A771 /* RMCompositeSource.m in Sources */,
				AB7727B31C774D850046A771 /* RMAnnotation.m in Sources */,
				AB7727B71C774D850046A771 /* RMMapLayer.m in Sources */,
				AB7727C91C774DD60046A771 /* RMConfiguration.m in Sources */,
				AB7727B51C774D850046A771 /* RMCircle.m in Sources */,
				AB7727EB1C774E240046A771 /* RMLoadingTileView.m in Sources */,
				AB7728231C774F1B0046A771 /* RMBingSource.m in Sources */,
				AB7728271C774F1B0046A771 /* RMCoordinateGridSource.m in Sources */,
				AB7728461C774F3E0046A771 /* RMAbstractWebMapSource.m in Sources */,
				AB7727D11C774E040046A771 /* RMFoundation.c in Sources */,
				AB7728311C774F1B0046A771 /* RMOpenCycleMapSource.m in Sources */,
				AB77282F1C774F1B0046A771 /* RMMapQuestOSMSource.m in Sources */,
				AB7728391C774F1B0046A771 /* RMWMS.m in Sources */,
				B8C9746C0E8A1A50007D16AD /* RMMapView.m in Sources */,
				AB7727FF1C774EA00046A771 /* RMCacheObject.m in Sources */,
				AB7727DD1C774E140046A771 /* RMFractalTileProjection.m in Sources */,
				AB7727F11C774E240046A771 /* RMMapTiledLayerView.m in Sources */,
				AB7727BD1C774D850046A771 /* RMShape.m in Sources */,
				AB7728051C774EA00046A771 /* RMTileCache.m in Sources */,
				AB7728331C774F1B0046A771 /* RMOpenSeaMapLayer.m in Sources */,
				AB7727DF1C774E140046A771 /* RMProjection.m in Sources */,
				AB77282B1C774F1B0046A771 /* RMGenericMapSource.m in Sources */,
				AB7727D61C774E040046A771 /* RMTile.c in Sources */,
				AB77282D1C774F1B0046A771 /* RMMapQuestOpenAerialSource.m in Sources */,
				DD2B374614CF8041008DE8CB /* FMDatabase.m in Sources */,
				AB7727C51C774DBF0046A771 /* RMUserTrackingBarButtonItem.m in Sources */,
				ABE0585E1C748D2C00AF68F5 /* NSString+Attributes.m in Sources */,
				DD2B374814CF8041008DE8CB /* FMDatabaseAdditions.m in Sources */,
				DD2B374A14CF8041008DE8CB /* FMResultSet.m in Sources */,
				DD2B375014CF814F008DE8CB /* FMDatabasePool.m in Sources */,
				AB7728351C774F1B0046A771 /* RMOpenSeaMapSource.m in Sources */,
				AB7728011C774EA00046A771 /* RMDatabaseCache.m in Sources */,
				AB7727B91C774D850046A771 /* RMMarker.m in Sources */,
				DD2B375214CF814F008DE8CB /* FMDatabaseQueue.m in Sources */,
				AB7728291C774F1B0046A771 /* RMDBMapSource.m in Sources */,
				AB7727BB1C774D850046A771 /* RMQuadTree.m in Sources */,
				AB7727D41C774E040046A771 /* RMPixel.c in Sources */,
				AB7728071C774EA00046A771 /* RMTileCacheDownloadOperation.m in Sources */,
				AB7727C31C774DBF0046A771 /* RMUserLocation.m in Sources */,
				AB7728491C774F3E0046A771 /* RMTileSourcesContainer.m in Sources */,
				AB7727EF1C774E240046A771 /* RMMapScrollView.m in Sources */,
				AB7727F31C774E240046A771 /* RMTileImage.m in Sources */,
				AB7727ED1C774E240046A771 /* RMMapOverlayView.m in Sources */,
				AB7728031C774EA00046A771 /* RMMemoryCache.m in Sources */,
				AB7728441C774F3E0046A771 /* RMAbstractMercatorTileSource.m in Sources */,
				DD1E3C6F161F954F004FC649 /* SMCalloutView.m in Sources */,
				AB7728371C774F1B0046A771 /* RMOpenStreetMapSource.m in Sources */,
				AB77283B1C774F1B0046A771 /* RMWMSSource.m in Sources */,
			);
			runOnlyForDeploymentPostprocessing = 0;
		};
		DD6A83711644A20C0097F31F /* Sources */ = {
			isa = PBXSourcesBuildPhase;
			buildActionMask = 2147483647;
			files = (
			);
			runOnlyForDeploymentPostprocessing = 0;
		};
/* End PBXSourcesBuildPhase section */

/* Begin PBXTargetDependency section */
		AB7727341C77322B0046A771 /* PBXTargetDependency */ = {
			isa = PBXTargetDependency;
			target = B8C974130E8A19B2007D16AD /* MapView */;
			targetProxy = AB7727331C77322B0046A771 /* PBXContainerItemProxy */;
		};
		ABDA44D91C74AC8B002EC7D7 /* PBXTargetDependency */ = {
			isa = PBXTargetDependency;
			name = Proj4;
			targetProxy = ABDA44D81C74AC8B002EC7D7 /* PBXContainerItemProxy */;
		};
		DD6A83901644A2810097F31F /* PBXTargetDependency */ = {
			isa = PBXTargetDependency;
			target = DD6A83741644A20C0097F31F /* Resources */;
			targetProxy = DD6A838F1644A2810097F31F /* PBXContainerItemProxy */;
		};
/* End PBXTargetDependency section */

/* Begin XCBuildConfiguration section */
		AB7727311C7732240046A771 /* Debug */ = {
			isa = XCBuildConfiguration;
			buildSettings = {
				PRODUCT_NAME = "$(TARGET_NAME)";
			};
			name = Debug;
		};
		AB7727321C7732240046A771 /* Release */ = {
			isa = XCBuildConfiguration;
			buildSettings = {
				PRODUCT_NAME = "$(TARGET_NAME)";
			};
			name = Release;
		};
		B8C974570E8A19B2007D16AD /* Debug */ = {
			isa = XCBuildConfiguration;
			buildSettings = {
				ALWAYS_SEARCH_USER_PATHS = NO;
				CLANG_ENABLE_OBJC_ARC = YES;
				COPY_PHASE_STRIP = NO;
				GCC_DYNAMIC_NO_PIC = NO;
				GCC_OPTIMIZATION_LEVEL = 0;
				GCC_PRECOMPILE_PREFIX_HEADER = YES;
				GCC_PREFIX_HEADER = MapView_Prefix.pch;
				GCC_PREPROCESSOR_DEFINITIONS = "DEBUG=1";
				HEADER_SEARCH_PATHS = "\"$(SRCROOT)/Map/Proj4\"";
				LIBRARY_SEARCH_PATHS = (
					"$(inherited)",
					"\"$(SRCROOT)/../Proj4\"",
					"$(PROJECT_DIR)/Map/Proj4",
				);
				ONLY_ACTIVE_ARCH = YES;
				OTHER_LDFLAGS = (
					"-ObjC",
					"-lsqlite3",
					"-all_load",
				);
				PRODUCT_NAME = MapView;
				RUN_CLANG_STATIC_ANALYZER = NO;
			};
			name = Debug;
		};
		B8C974580E8A19B2007D16AD /* Release */ = {
			isa = XCBuildConfiguration;
			buildSettings = {
				ALWAYS_SEARCH_USER_PATHS = NO;
				CLANG_ENABLE_OBJC_ARC = YES;
				COPY_PHASE_STRIP = YES;
				DEBUG_INFORMATION_FORMAT = "dwarf-with-dsym";
				GCC_PRECOMPILE_PREFIX_HEADER = YES;
				GCC_PREFIX_HEADER = MapView_Prefix.pch;
				GCC_PREPROCESSOR_DEFINITIONS = "NS_BLOCK_ASSERTIONS=1";
				HEADER_SEARCH_PATHS = "\"$(SRCROOT)/Map/Proj4\"";
				LIBRARY_SEARCH_PATHS = (
					"$(inherited)",
					"\"$(SRCROOT)/../Proj4\"",
					"$(PROJECT_DIR)/Map/Proj4",
				);
				ONLY_ACTIVE_ARCH = NO;
				OTHER_LDFLAGS = (
					"-ObjC",
					"-lsqlite3",
					"-all_load",
				);
				PRODUCT_NAME = MapView;
				ZERO_LINK = NO;
			};
			name = Release;
		};
		C01FCF4F08A954540054247B /* Debug */ = {
			isa = XCBuildConfiguration;
			buildSettings = {
				CLANG_WARN_BOOL_CONVERSION = YES;
				CLANG_WARN_CONSTANT_CONVERSION = YES;
				CLANG_WARN_EMPTY_BODY = YES;
				CLANG_WARN_ENUM_CONVERSION = YES;
				CLANG_WARN_INT_CONVERSION = YES;
				CLANG_WARN_UNREACHABLE_CODE = YES;
				CLANG_WARN__DUPLICATE_METHOD_MATCH = YES;
				"CODE_SIGN_IDENTITY[sdk=iphoneos*]" = "Don't Code Sign";
				COPY_PHASE_STRIP = NO;
				DEPLOYMENT_POSTPROCESSING = NO;
				ENABLE_STRICT_OBJC_MSGSEND = YES;
				ENABLE_TESTABILITY = YES;
				GCC_C_LANGUAGE_STANDARD = c99;
				GCC_FAST_MATH = YES;
				GCC_NO_COMMON_BLOCKS = YES;
				GCC_OPTIMIZATION_LEVEL = 0;
				GCC_STRICT_ALIASING = YES;
				GCC_THUMB_SUPPORT = NO;
				GCC_VERSION = com.apple.compilers.llvm.clang.1_0;
				GCC_WARN_64_TO_32_BIT_CONVERSION = YES;
				GCC_WARN_ABOUT_MISSING_NEWLINE = YES;
				GCC_WARN_ABOUT_MISSING_PROTOTYPES = NO;
				GCC_WARN_ABOUT_RETURN_TYPE = YES;
				GCC_WARN_UNDECLARED_SELECTOR = YES;
				GCC_WARN_UNINITIALIZED_AUTOS = YES;
				GCC_WARN_UNUSED_FUNCTION = YES;
				GCC_WARN_UNUSED_VARIABLE = YES;
				IPHONEOS_DEPLOYMENT_TARGET = 7.0;
				ONLY_ACTIVE_ARCH = YES;
				OTHER_CFLAGS = (
					"-O",
					"-Wuninitialized",
				);
				OTHER_LDFLAGS = "";
				RUN_CLANG_STATIC_ANALYZER = NO;
				SDKROOT = iphoneos;
				SEPARATE_STRIP = YES;
				SKIP_INSTALL = YES;
				STRIP_INSTALLED_PRODUCT = NO;
				VALIDATE_PRODUCT = YES;
			};
			name = Debug;
		};
		C01FCF5008A954540054247B /* Release */ = {
			isa = XCBuildConfiguration;
			buildSettings = {
				CLANG_WARN_BOOL_CONVERSION = YES;
				CLANG_WARN_CONSTANT_CONVERSION = YES;
				CLANG_WARN_EMPTY_BODY = YES;
				CLANG_WARN_ENUM_CONVERSION = YES;
				CLANG_WARN_INT_CONVERSION = YES;
				CLANG_WARN_UNREACHABLE_CODE = YES;
				CLANG_WARN__DUPLICATE_METHOD_MATCH = YES;
				"CODE_SIGN_IDENTITY[sdk=iphoneos*]" = "iPhone Developer";
				COPY_PHASE_STRIP = YES;
				DEPLOYMENT_POSTPROCESSING = NO;
				ENABLE_STRICT_OBJC_MSGSEND = YES;
				GCC_C_LANGUAGE_STANDARD = c99;
				GCC_FAST_MATH = YES;
				GCC_NO_COMMON_BLOCKS = YES;
				GCC_STRICT_ALIASING = YES;
				GCC_THUMB_SUPPORT = NO;
				GCC_VERSION = com.apple.compilers.llvm.clang.1_0;
				GCC_WARN_64_TO_32_BIT_CONVERSION = YES;
				GCC_WARN_ABOUT_MISSING_NEWLINE = YES;
				GCC_WARN_ABOUT_MISSING_PROTOTYPES = NO;
				GCC_WARN_ABOUT_RETURN_TYPE = YES;
				GCC_WARN_UNDECLARED_SELECTOR = YES;
				GCC_WARN_UNINITIALIZED_AUTOS = YES;
				GCC_WARN_UNUSED_FUNCTION = YES;
				GCC_WARN_UNUSED_VARIABLE = YES;
				IPHONEOS_DEPLOYMENT_TARGET = 7.0;
				OTHER_LDFLAGS = "";
				RUN_CLANG_STATIC_ANALYZER = NO;
				SDKROOT = iphoneos;
				SEPARATE_STRIP = YES;
				SKIP_INSTALL = YES;
				VALIDATE_PRODUCT = YES;
			};
			name = Release;
		};
		DD6A837F1644A20C0097F31F /* Debug */ = {
			isa = XCBuildConfiguration;
			buildSettings = {
				ALWAYS_SEARCH_USER_PATHS = NO;
				CLANG_CXX_LANGUAGE_STANDARD = "gnu++0x";
				CLANG_CXX_LIBRARY = "libc++";
				CLANG_ENABLE_OBJC_ARC = YES;
				CLANG_WARN_EMPTY_BODY = YES;
				CLANG_WARN__DUPLICATE_METHOD_MATCH = YES;
				GCC_C_LANGUAGE_STANDARD = gnu99;
				GCC_DYNAMIC_NO_PIC = NO;
				GCC_ENABLE_OBJC_EXCEPTIONS = YES;
				GCC_PRECOMPILE_PREFIX_HEADER = YES;
				GCC_PREFIX_HEADER = "Resources/Resources-Prefix.pch";
				GCC_PREPROCESSOR_DEFINITIONS = (
					"DEBUG=1",
					"$(inherited)",
				);
				GCC_SYMBOLS_PRIVATE_EXTERN = NO;
				GCC_WARN_64_TO_32_BIT_CONVERSION = YES;
				GCC_WARN_UNINITIALIZED_AUTOS = YES;
				INSTALL_PATH = "$(LOCAL_LIBRARY_DIR)/Bundles";
				ONLY_ACTIVE_ARCH = YES;
				PRODUCT_NAME = MapView;
				WRAPPER_EXTENSION = bundle;
			};
			name = Debug;
		};
		DD6A83801644A20C0097F31F /* Release */ = {
			isa = XCBuildConfiguration;
			buildSettings = {
				ALWAYS_SEARCH_USER_PATHS = NO;
				CLANG_CXX_LANGUAGE_STANDARD = "gnu++0x";
				CLANG_CXX_LIBRARY = "libc++";
				CLANG_ENABLE_OBJC_ARC = YES;
				CLANG_WARN_EMPTY_BODY = YES;
				CLANG_WARN__DUPLICATE_METHOD_MATCH = YES;
				DEBUG_INFORMATION_FORMAT = "dwarf-with-dsym";
				GCC_C_LANGUAGE_STANDARD = gnu99;
				GCC_ENABLE_OBJC_EXCEPTIONS = YES;
				GCC_PRECOMPILE_PREFIX_HEADER = YES;
				GCC_PREFIX_HEADER = "Resources/Resources-Prefix.pch";
				GCC_WARN_64_TO_32_BIT_CONVERSION = YES;
				GCC_WARN_UNINITIALIZED_AUTOS = YES;
				INSTALL_PATH = "$(LOCAL_LIBRARY_DIR)/Bundles";
				PRODUCT_NAME = MapView;
				WRAPPER_EXTENSION = bundle;
			};
			name = Release;
		};
/* End XCBuildConfiguration section */

/* Begin XCConfigurationList section */
		AB7727301C7732240046A771 /* Build configuration list for PBXAggregateTarget "RMMap" */ = {
			isa = XCConfigurationList;
			buildConfigurations = (
				AB7727311C7732240046A771 /* Debug */,
				AB7727321C7732240046A771 /* Release */,
			);
			defaultConfigurationIsVisible = 0;
			defaultConfigurationName = Release;
		};
		B8C974560E8A19B2007D16AD /* Build configuration list for PBXNativeTarget "MapView" */ = {
			isa = XCConfigurationList;
			buildConfigurations = (
				B8C974570E8A19B2007D16AD /* Debug */,
				B8C974580E8A19B2007D16AD /* Release */,
			);
			defaultConfigurationIsVisible = 0;
			defaultConfigurationName = Release;
		};
		C01FCF4E08A954540054247B /* Build configuration list for PBXProject "MapView" */ = {
			isa = XCConfigurationList;
			buildConfigurations = (
				C01FCF4F08A954540054247B /* Debug */,
				C01FCF5008A954540054247B /* Release */,
			);
			defaultConfigurationIsVisible = 0;
			defaultConfigurationName = Release;
		};
		DD6A837E1644A20C0097F31F /* Build configuration list for PBXNativeTarget "Resources" */ = {
			isa = XCConfigurationList;
			buildConfigurations = (
				DD6A837F1644A20C0097F31F /* Debug */,
				DD6A83801644A20C0097F31F /* Release */,
			);
			defaultConfigurationIsVisible = 0;
			defaultConfigurationName = Release;
		};
/* End XCConfigurationList section */
	};
	rootObject = 29B97313FDCFA39411CA2CEA /* Project object */;
}
